// !$*UTF8*$!
{
	archiveVersion = 1;
	classes = {
	};
	objectVersion = 50;
	objects = {

/* Begin PBXBuildFile section */
		AB1CAD02240D7D2C000FE83C /* AppDelegate.swift in Sources */ = {isa = PBXBuildFile; fileRef = AB1CAD01240D7D2C000FE83C /* AppDelegate.swift */; };
		AB1CAD04240D7D2C000FE83C /* ViewController.swift in Sources */ = {isa = PBXBuildFile; fileRef = AB1CAD03240D7D2C000FE83C /* ViewController.swift */; };
		AB1CAD07240D7D2C000FE83C /* Main.storyboard in Resources */ = {isa = PBXBuildFile; fileRef = AB1CAD05240D7D2C000FE83C /* Main.storyboard */; };
		AB1CAD09240D7D2E000FE83C /* Assets.xcassets in Resources */ = {isa = PBXBuildFile; fileRef = AB1CAD08240D7D2E000FE83C /* Assets.xcassets */; };
		AB1CAD0C240D7D2E000FE83C /* LaunchScreen.storyboard in Resources */ = {isa = PBXBuildFile; fileRef = AB1CAD0A240D7D2E000FE83C /* LaunchScreen.storyboard */; };
		AB1CAD17240D7D2E000FE83C /* FocusViewTests.swift in Sources */ = {isa = PBXBuildFile; fileRef = AB1CAD16240D7D2E000FE83C /* FocusViewTests.swift */; };
		AB1CAD22240D7D2E000FE83C /* FocusViewUITests.swift in Sources */ = {isa = PBXBuildFile; fileRef = AB1CAD21240D7D2E000FE83C /* FocusViewUITests.swift */; };
		AB1CAD30240D7D7B000FE83C /* CustomFocusView.swift in Sources */ = {isa = PBXBuildFile; fileRef = AB1CAD2F240D7D7B000FE83C /* CustomFocusView.swift */; };
/* End PBXBuildFile section */

/* Begin PBXContainerItemProxy section */
		AB1CAD13240D7D2E000FE83C /* PBXContainerItemProxy */ = {
			isa = PBXContainerItemProxy;
			containerPortal = AB1CACF6240D7D2C000FE83C /* Project object */;
			proxyType = 1;
			remoteGlobalIDString = AB1CACFD240D7D2C000FE83C;
			remoteInfo = FocusView;
		};
		AB1CAD1E240D7D2E000FE83C /* PBXContainerItemProxy */ = {
			isa = PBXContainerItemProxy;
			containerPortal = AB1CACF6240D7D2C000FE83C /* Project object */;
			proxyType = 1;
			remoteGlobalIDString = AB1CACFD240D7D2C000FE83C;
			remoteInfo = FocusView;
		};
/* End PBXContainerItemProxy section */

/* Begin PBXFileReference section */
		AB1CACFE240D7D2C000FE83C /* FocusView.app */ = {isa = PBXFileReference; explicitFileType = wrapper.application; includeInIndex = 0; path = FocusView.app; sourceTree = BUILT_PRODUCTS_DIR; };
		AB1CAD01240D7D2C000FE83C /* AppDelegate.swift */ = {isa = PBXFileReference; lastKnownFileType = sourcecode.swift; path = AppDelegate.swift; sourceTree = "<group>"; };
		AB1CAD03240D7D2C000FE83C /* ViewController.swift */ = {isa = PBXFileReference; lastKnownFileType = sourcecode.swift; path = ViewController.swift; sourceTree = "<group>"; };
		AB1CAD06240D7D2C000FE83C /* Base */ = {isa = PBXFileReference; lastKnownFileType = file.storyboard; name = Base; path = Base.lproj/Main.storyboard; sourceTree = "<group>"; };
		AB1CAD08240D7D2E000FE83C /* Assets.xcassets */ = {isa = PBXFileReference; lastKnownFileType = folder.assetcatalog; path = Assets.xcassets; sourceTree = "<group>"; };
		AB1CAD0B240D7D2E000FE83C /* Base */ = {isa = PBXFileReference; lastKnownFileType = file.storyboard; name = Base; path = Base.lproj/LaunchScreen.storyboard; sourceTree = "<group>"; };
		AB1CAD0D240D7D2E000FE83C /* Info.plist */ = {isa = PBXFileReference; lastKnownFileType = text.plist.xml; path = Info.plist; sourceTree = "<group>"; };
		AB1CAD12240D7D2E000FE83C /* FocusViewTests.xctest */ = {isa = PBXFileReference; explicitFileType = wrapper.cfbundle; includeInIndex = 0; path = FocusViewTests.xctest; sourceTree = BUILT_PRODUCTS_DIR; };
		AB1CAD16240D7D2E000FE83C /* FocusViewTests.swift */ = {isa = PBXFileReference; lastKnownFileType = sourcecode.swift; path = FocusViewTests.swift; sourceTree = "<group>"; };
		AB1CAD18240D7D2E000FE83C /* Info.plist */ = {isa = PBXFileReference; lastKnownFileType = text.plist.xml; path = Info.plist; sourceTree = "<group>"; };
		AB1CAD1D240D7D2E000FE83C /* FocusViewUITests.xctest */ = {isa = PBXFileReference; explicitFileType = wrapper.cfbundle; includeInIndex = 0; path = FocusViewUITests.xctest; sourceTree = BUILT_PRODUCTS_DIR; };
		AB1CAD21240D7D2E000FE83C /* FocusViewUITests.swift */ = {isa = PBXFileReference; lastKnownFileType = sourcecode.swift; path = FocusViewUITests.swift; sourceTree = "<group>"; };
		AB1CAD23240D7D2E000FE83C /* Info.plist */ = {isa = PBXFileReference; lastKnownFileType = text.plist.xml; path = Info.plist; sourceTree = "<group>"; };
		AB1CAD2F240D7D7B000FE83C /* CustomFocusView.swift */ = {isa = PBXFileReference; lastKnownFileType = sourcecode.swift; path = CustomFocusView.swift; sourceTree = "<group>"; };
/* End PBXFileReference section */

/* Begin PBXFrameworksBuildPhase section */
		AB1CACFB240D7D2C000FE83C /* Frameworks */ = {
			isa = PBXFrameworksBuildPhase;
			buildActionMask = 2147483647;
			files = (
			);
			runOnlyForDeploymentPostprocessing = 0;
		};
		AB1CAD0F240D7D2E000FE83C /* Frameworks */ = {
			isa = PBXFrameworksBuildPhase;
			buildActionMask = 2147483647;
			files = (
			);
			runOnlyForDeploymentPostprocessing = 0;
		};
		AB1CAD1A240D7D2E000FE83C /* Frameworks */ = {
			isa = PBXFrameworksBuildPhase;
			buildActionMask = 2147483647;
			files = (
			);
			runOnlyForDeploymentPostprocessing = 0;
		};
/* End PBXFrameworksBuildPhase section */

/* Begin PBXGroup section */
		AB1CACF5240D7D2C000FE83C = {
			isa = PBXGroup;
			children = (
				AB1CAD00240D7D2C000FE83C /* FocusView */,
				AB1CAD15240D7D2E000FE83C /* FocusViewTests */,
				AB1CAD20240D7D2E000FE83C /* FocusViewUITests */,
				AB1CACFF240D7D2C000FE83C /* Products */,
			);
			sourceTree = "<group>";
		};
		AB1CACFF240D7D2C000FE83C /* Products */ = {
			isa = PBXGroup;
			children = (
				AB1CACFE240D7D2C000FE83C /* FocusView.app */,
				AB1CAD12240D7D2E000FE83C /* FocusViewTests.xctest */,
				AB1CAD1D240D7D2E000FE83C /* FocusViewUITests.xctest */,
			);
			name = Products;
			sourceTree = "<group>";
		};
		AB1CAD00240D7D2C000FE83C /* FocusView */ = {
			isa = PBXGroup;
			children = (
				AB1CAD01240D7D2C000FE83C /* AppDelegate.swift */,
				AB1CAD03240D7D2C000FE83C /* ViewController.swift */,
				AB1CAD2F240D7D7B000FE83C /* CustomFocusView.swift */,
				AB1CAD05240D7D2C000FE83C /* Main.storyboard */,
				AB1CAD08240D7D2E000FE83C /* Assets.xcassets */,
				AB1CAD0A240D7D2E000FE83C /* LaunchScreen.storyboard */,
				AB1CAD0D240D7D2E000FE83C /* Info.plist */,
			);
			path = FocusView;
			sourceTree = "<group>";
		};
		AB1CAD15240D7D2E000FE83C /* FocusViewTests */ = {
			isa = PBXGroup;
			children = (
				AB1CAD16240D7D2E000FE83C /* FocusViewTests.swift */,
				AB1CAD18240D7D2E000FE83C /* Info.plist */,
			);
			path = FocusViewTests;
			sourceTree = "<group>";
		};
		AB1CAD20240D7D2E000FE83C /* FocusViewUITests */ = {
			isa = PBXGroup;
			children = (
				AB1CAD21240D7D2E000FE83C /* FocusViewUITests.swift */,
				AB1CAD23240D7D2E000FE83C /* Info.plist */,
			);
			path = FocusViewUITests;
			sourceTree = "<group>";
		};
/* End PBXGroup section */

/* Begin PBXNativeTarget section */
		AB1CACFD240D7D2C000FE83C /* FocusView */ = {
			isa = PBXNativeTarget;
			buildConfigurationList = AB1CAD26240D7D2E000FE83C /* Build configuration list for PBXNativeTarget "FocusView" */;
			buildPhases = (
				AB1CACFA240D7D2C000FE83C /* Sources */,
				AB1CACFB240D7D2C000FE83C /* Frameworks */,
				AB1CACFC240D7D2C000FE83C /* Resources */,
			);
			buildRules = (
			);
			dependencies = (
			);
			name = FocusView;
			productName = FocusView;
			productReference = AB1CACFE240D7D2C000FE83C /* FocusView.app */;
			productType = "com.apple.product-type.application";
		};
		AB1CAD11240D7D2E000FE83C /* FocusViewTests */ = {
			isa = PBXNativeTarget;
			buildConfigurationList = AB1CAD29240D7D2E000FE83C /* Build configuration list for PBXNativeTarget "FocusViewTests" */;
			buildPhases = (
				AB1CAD0E240D7D2E000FE83C /* Sources */,
				AB1CAD0F240D7D2E000FE83C /* Frameworks */,
				AB1CAD10240D7D2E000FE83C /* Resources */,
			);
			buildRules = (
			);
			dependencies = (
				AB1CAD14240D7D2E000FE83C /* PBXTargetDependency */,
			);
			name = FocusViewTests;
			productName = FocusViewTests;
			productReference = AB1CAD12240D7D2E000FE83C /* FocusViewTests.xctest */;
			productType = "com.apple.product-type.bundle.unit-test";
		};
		AB1CAD1C240D7D2E000FE83C /* FocusViewUITests */ = {
			isa = PBXNativeTarget;
			buildConfigurationList = AB1CAD2C240D7D2E000FE83C /* Build configuration list for PBXNativeTarget "FocusViewUITests" */;
			buildPhases = (
				AB1CAD19240D7D2E000FE83C /* Sources */,
				AB1CAD1A240D7D2E000FE83C /* Frameworks */,
				AB1CAD1B240D7D2E000FE83C /* Resources */,
			);
			buildRules = (
			);
			dependencies = (
				AB1CAD1F240D7D2E000FE83C /* PBXTargetDependency */,
			);
			name = FocusViewUITests;
			productName = FocusViewUITests;
			productReference = AB1CAD1D240D7D2E000FE83C /* FocusViewUITests.xctest */;
			productType = "com.apple.product-type.bundle.ui-testing";
		};
/* End PBXNativeTarget section */

/* Begin PBXProject section */
		AB1CACF6240D7D2C000FE83C /* Project object */ = {
			isa = PBXProject;
			attributes = {
				LastSwiftUpdateCheck = 1130;
				LastUpgradeCheck = 1130;
				ORGANIZATIONNAME = "Jonathan Ramirez";
				TargetAttributes = {
					AB1CACFD240D7D2C000FE83C = {
						CreatedOnToolsVersion = 11.3.1;
					};
					AB1CAD11240D7D2E000FE83C = {
						CreatedOnToolsVersion = 11.3.1;
						TestTargetID = AB1CACFD240D7D2C000FE83C;
					};
					AB1CAD1C240D7D2E000FE83C = {
						CreatedOnToolsVersion = 11.3.1;
						TestTargetID = AB1CACFD240D7D2C000FE83C;
					};
				};
			};
			buildConfigurationList = AB1CACF9240D7D2C000FE83C /* Build configuration list for PBXProject "FocusView" */;
			compatibilityVersion = "Xcode 9.3";
			developmentRegion = en;
			hasScannedForEncodings = 0;
			knownRegions = (
				en,
				Base,
			);
			mainGroup = AB1CACF5240D7D2C000FE83C;
			productRefGroup = AB1CACFF240D7D2C000FE83C /* Products */;
			projectDirPath = "";
			projectRoot = "";
			targets = (
				AB1CACFD240D7D2C000FE83C /* FocusView */,
				AB1CAD11240D7D2E000FE83C /* FocusViewTests */,
				AB1CAD1C240D7D2E000FE83C /* FocusViewUITests */,
			);
		};
/* End PBXProject section */

/* Begin PBXResourcesBuildPhase section */
		AB1CACFC240D7D2C000FE83C /* Resources */ = {
			isa = PBXResourcesBuildPhase;
			buildActionMask = 2147483647;
			files = (
				AB1CAD0C240D7D2E000FE83C /* LaunchScreen.storyboard in Resources */,
				AB1CAD09240D7D2E000FE83C /* Assets.xcassets in Resources */,
				AB1CAD07240D7D2C000FE83C /* Main.storyboard in Resources */,
			);
			runOnlyForDeploymentPostprocessing = 0;
		};
		AB1CAD10240D7D2E000FE83C /* Resources */ = {
			isa = PBXResourcesBuildPhase;
			buildActionMask = 2147483647;
			files = (
			);
			runOnlyForDeploymentPostprocessing = 0;
		};
		AB1CAD1B240D7D2E000FE83C /* Resources */ = {
			isa = PBXResourcesBuildPhase;
			buildActionMask = 2147483647;
			files = (
			);
			runOnlyForDeploymentPostprocessing = 0;
		};
/* End PBXResourcesBuildPhase section */

/* Begin PBXSourcesBuildPhase section */
		AB1CACFA240D7D2C000FE83C /* Sources */ = {
			isa = PBXSourcesBuildPhase;
			buildActionMask = 2147483647;
			files = (
				AB1CAD04240D7D2C000FE83C /* ViewController.swift in Sources */,
				AB1CAD02240D7D2C000FE83C /* AppDelegate.swift in Sources */,
				AB1CAD30240D7D7B000FE83C /* CustomFocusView.swift in Sources */,
			);
			runOnlyForDeploymentPostprocessing = 0;
		};
		AB1CAD0E240D7D2E000FE83C /* Sources */ = {
			isa = PBXSourcesBuildPhase;
			buildActionMask = 2147483647;
			files = (
				AB1CAD17240D7D2E000FE83C /* FocusViewTests.swift in Sources */,
			);
			runOnlyForDeploymentPostprocessing = 0;
		};
		AB1CAD19240D7D2E000FE83C /* Sources */ = {
			isa = PBXSourcesBuildPhase;
			buildActionMask = 2147483647;
			files = (
				AB1CAD22240D7D2E000FE83C /* FocusViewUITests.swift in Sources */,
			);
			runOnlyForDeploymentPostprocessing = 0;
		};
/* End PBXSourcesBuildPhase section */

/* Begin PBXTargetDependency section */
		AB1CAD14240D7D2E000FE83C /* PBXTargetDependency */ = {
			isa = PBXTargetDependency;
			target = AB1CACFD240D7D2C000FE83C /* FocusView */;
			targetProxy = AB1CAD13240D7D2E000FE83C /* PBXContainerItemProxy */;
		};
		AB1CAD1F240D7D2E000FE83C /* PBXTargetDependency */ = {
			isa = PBXTargetDependency;
			target = AB1CACFD240D7D2C000FE83C /* FocusView */;
			targetProxy = AB1CAD1E240D7D2E000FE83C /* PBXContainerItemProxy */;
		};
/* End PBXTargetDependency section */

/* Begin PBXVariantGroup section */
		AB1CAD05240D7D2C000FE83C /* Main.storyboard */ = {
			isa = PBXVariantGroup;
			children = (
				AB1CAD06240D7D2C000FE83C /* Base */,
			);
			name = Main.storyboard;
			sourceTree = "<group>";
		};
		AB1CAD0A240D7D2E000FE83C /* LaunchScreen.storyboard */ = {
			isa = PBXVariantGroup;
			children = (
				AB1CAD0B240D7D2E000FE83C /* Base */,
			);
			name = LaunchScreen.storyboard;
			sourceTree = "<group>";
		};
/* End PBXVariantGroup section */

/* Begin XCBuildConfiguration section */
		AB1CAD24240D7D2E000FE83C /* Debug */ = {
			isa = XCBuildConfiguration;
			buildSettings = {
				ALWAYS_SEARCH_USER_PATHS = NO;
				CLANG_ANALYZER_NONNULL = YES;
				CLANG_ANALYZER_NUMBER_OBJECT_CONVERSION = YES_AGGRESSIVE;
				CLANG_CXX_LANGUAGE_STANDARD = "gnu++14";
				CLANG_CXX_LIBRARY = "libc++";
				CLANG_ENABLE_MODULES = YES;
				CLANG_ENABLE_OBJC_ARC = YES;
				CLANG_ENABLE_OBJC_WEAK = YES;
				CLANG_WARN_BLOCK_CAPTURE_AUTORELEASING = YES;
				CLANG_WARN_BOOL_CONVERSION = YES;
				CLANG_WARN_COMMA = YES;
				CLANG_WARN_CONSTANT_CONVERSION = YES;
				CLANG_WARN_DEPRECATED_OBJC_IMPLEMENTATIONS = YES;
				CLANG_WARN_DIRECT_OBJC_ISA_USAGE = YES_ERROR;
				CLANG_WARN_DOCUMENTATION_COMMENTS = YES;
				CLANG_WARN_EMPTY_BODY = YES;
				CLANG_WARN_ENUM_CONVERSION = YES;
				CLANG_WARN_INFINITE_RECURSION = YES;
				CLANG_WARN_INT_CONVERSION = YES;
				CLANG_WARN_NON_LITERAL_NULL_CONVERSION = YES;
				CLANG_WARN_OBJC_IMPLICIT_RETAIN_SELF = YES;
				CLANG_WARN_OBJC_LITERAL_CONVERSION = YES;
				CLANG_WARN_OBJC_ROOT_CLASS = YES_ERROR;
				CLANG_WARN_RANGE_LOOP_ANALYSIS = YES;
				CLANG_WARN_STRICT_PROTOTYPES = YES;
				CLANG_WARN_SUSPICIOUS_MOVE = YES;
				CLANG_WARN_UNGUARDED_AVAILABILITY = YES_AGGRESSIVE;
				CLANG_WARN_UNREACHABLE_CODE = YES;
				CLANG_WARN__DUPLICATE_METHOD_MATCH = YES;
				COPY_PHASE_STRIP = NO;
				DEBUG_INFORMATION_FORMAT = dwarf;
				ENABLE_STRICT_OBJC_MSGSEND = YES;
				ENABLE_TESTABILITY = YES;
				GCC_C_LANGUAGE_STANDARD = gnu11;
				GCC_DYNAMIC_NO_PIC = NO;
				GCC_NO_COMMON_BLOCKS = YES;
				GCC_OPTIMIZATION_LEVEL = 0;
				GCC_PREPROCESSOR_DEFINITIONS = (
					"DEBUG=1",
					"$(inherited)",
				);
				GCC_WARN_64_TO_32_BIT_CONVERSION = YES;
				GCC_WARN_ABOUT_RETURN_TYPE = YES_ERROR;
				GCC_WARN_UNDECLARED_SELECTOR = YES;
				GCC_WARN_UNINITIALIZED_AUTOS = YES_AGGRESSIVE;
				GCC_WARN_UNUSED_FUNCTION = YES;
				GCC_WARN_UNUSED_VARIABLE = YES;
				MTL_ENABLE_DEBUG_INFO = INCLUDE_SOURCE;
				MTL_FAST_MATH = YES;
				ONLY_ACTIVE_ARCH = YES;
				SDKROOT = appletvos;
				SWIFT_ACTIVE_COMPILATION_CONDITIONS = DEBUG;
				SWIFT_OPTIMIZATION_LEVEL = "-Onone";
				TVOS_DEPLOYMENT_TARGET = 13.2;
			};
			name = Debug;
		};
		AB1CAD25240D7D2E000FE83C /* Release */ = {
			isa = XCBuildConfiguration;
			buildSettings = {
				ALWAYS_SEARCH_USER_PATHS = NO;
				CLANG_ANALYZER_NONNULL = YES;
				CLANG_ANALYZER_NUMBER_OBJECT_CONVERSION = YES_AGGRESSIVE;
				CLANG_CXX_LANGUAGE_STANDARD = "gnu++14";
				CLANG_CXX_LIBRARY = "libc++";
				CLANG_ENABLE_MODULES = YES;
				CLANG_ENABLE_OBJC_ARC = YES;
				CLANG_ENABLE_OBJC_WEAK = YES;
				CLANG_WARN_BLOCK_CAPTURE_AUTORELEASING = YES;
				CLANG_WARN_BOOL_CONVERSION = YES;
				CLANG_WARN_COMMA = YES;
				CLANG_WARN_CONSTANT_CONVERSION = YES;
				CLANG_WARN_DEPRECATED_OBJC_IMPLEMENTATIONS = YES;
				CLANG_WARN_DIRECT_OBJC_ISA_USAGE = YES_ERROR;
				CLANG_WARN_DOCUMENTATION_COMMENTS = YES;
				CLANG_WARN_EMPTY_BODY = YES;
				CLANG_WARN_ENUM_CONVERSION = YES;
				CLANG_WARN_INFINITE_RECURSION = YES;
				CLANG_WARN_INT_CONVERSION = YES;
				CLANG_WARN_NON_LITERAL_NULL_CONVERSION = YES;
				CLANG_WARN_OBJC_IMPLICIT_RETAIN_SELF = YES;
				CLANG_WARN_OBJC_LITERAL_CONVERSION = YES;
				CLANG_WARN_OBJC_ROOT_CLASS = YES_ERROR;
				CLANG_WARN_RANGE_LOOP_ANALYSIS = YES;
				CLANG_WARN_STRICT_PROTOTYPES = YES;
				CLANG_WARN_SUSPICIOUS_MOVE = YES;
				CLANG_WARN_UNGUARDED_AVAILABILITY = YES_AGGRESSIVE;
				CLANG_WARN_UNREACHABLE_CODE = YES;
				CLANG_WARN__DUPLICATE_METHOD_MATCH = YES;
				COPY_PHASE_STRIP = NO;
				DEBUG_INFORMATION_FORMAT = "dwarf-with-dsym";
				ENABLE_NS_ASSERTIONS = NO;
				ENABLE_STRICT_OBJC_MSGSEND = YES;
				GCC_C_LANGUAGE_STANDARD = gnu11;
				GCC_NO_COMMON_BLOCKS = YES;
				GCC_WARN_64_TO_32_BIT_CONVERSION = YES;
				GCC_WARN_ABOUT_RETURN_TYPE = YES_ERROR;
				GCC_WARN_UNDECLARED_SELECTOR = YES;
				GCC_WARN_UNINITIALIZED_AUTOS = YES_AGGRESSIVE;
				GCC_WARN_UNUSED_FUNCTION = YES;
				GCC_WARN_UNUSED_VARIABLE = YES;
				MTL_ENABLE_DEBUG_INFO = NO;
				MTL_FAST_MATH = YES;
				SDKROOT = appletvos;
				SWIFT_COMPILATION_MODE = wholemodule;
				SWIFT_OPTIMIZATION_LEVEL = "-O";
				TVOS_DEPLOYMENT_TARGET = 13.2;
				VALIDATE_PRODUCT = YES;
			};
			name = Release;
		};
		AB1CAD27240D7D2E000FE83C /* Debug */ = {
			isa = XCBuildConfiguration;
			buildSettings = {
				ASSETCATALOG_COMPILER_APPICON_NAME = "App Icon & Top Shelf Image";
				CODE_SIGN_STYLE = Automatic;
				DEVELOPMENT_TEAM = JK56H472A8;
				INFOPLIST_FILE = FocusView/Info.plist;
				LD_RUNPATH_SEARCH_PATHS = (
					"$(inherited)",
					"@executable_path/Frameworks",
				);
				PRODUCT_BUNDLE_IDENTIFIER = com.headworkgames.FocusView;
				PRODUCT_NAME = "$(TARGET_NAME)";
				SWIFT_VERSION = 5.0;
				TARGETED_DEVICE_FAMILY = 3;
			};
			name = Debug;
		};
		AB1CAD28240D7D2E000FE83C /* Release */ = {
			isa = XCBuildConfiguration;
			buildSettings = {
				ASSETCATALOG_COMPILER_APPICON_NAME = "App Icon & Top Shelf Image";
				CODE_SIGN_STYLE = Automatic;
				DEVELOPMENT_TEAM = JK56H472A8;
				INFOPLIST_FILE = FocusView/Info.plist;
				LD_RUNPATH_SEARCH_PATHS = (
					"$(inherited)",
					"@executable_path/Frameworks",
				);
				PRODUCT_BUNDLE_IDENTIFIER = com.headworkgames.FocusView;
				PRODUCT_NAME = "$(TARGET_NAME)";
				SWIFT_VERSION = 5.0;
				TARGETED_DEVICE_FAMILY = 3;
			};
			name = Release;
		};
		AB1CAD2A240D7D2E000FE83C /* Debug */ = {
			isa = XCBuildConfiguration;
			buildSettings = {
				ALWAYS_EMBED_SWIFT_STANDARD_LIBRARIES = YES;
				BUNDLE_LOADER = "$(TEST_HOST)";
				CODE_SIGN_STYLE = Automatic;
				DEVELOPMENT_TEAM = JK56H472A8;
				INFOPLIST_FILE = FocusViewTests/Info.plist;
				LD_RUNPATH_SEARCH_PATHS = (
					"$(inherited)",
					"@executable_path/Frameworks",
					"@loader_path/Frameworks",
				);
				PRODUCT_BUNDLE_IDENTIFIER = com.headworkgames.FocusViewTests;
				PRODUCT_NAME = "$(TARGET_NAME)";
				SWIFT_VERSION = 5.0;
				TARGETED_DEVICE_FAMILY = 3;
				TEST_HOST = "$(BUILT_PRODUCTS_DIR)/FocusView.app/FocusView";
				TVOS_DEPLOYMENT_TARGET = 13.2;
			};
			name = Debug;
		};
		AB1CAD2B240D7D2E000FE83C /* Release */ = {
			isa = XCBuildConfiguration;
			buildSettings = {
				ALWAYS_EMBED_SWIFT_STANDARD_LIBRARIES = YES;
				BUNDLE_LOADER = "$(TEST_HOST)";
				CODE_SIGN_STYLE = Automatic;
				DEVELOPMENT_TEAM = JK56H472A8;
				INFOPLIST_FILE = FocusViewTests/Info.plist;
				LD_RUNPATH_SEARCH_PATHS = (
					"$(inherited)",
					"@executable_path/Frameworks",
					"@loader_path/Frameworks",
				);
				PRODUCT_BUNDLE_IDENTIFIER = com.headworkgames.FocusViewTests;
				PRODUCT_NAME = "$(TARGET_NAME)";
				SWIFT_VERSION = 5.0;
				TARGETED_DEVICE_FAMILY = 3;
				TEST_HOST = "$(BUILT_PRODUCTS_DIR)/FocusView.app/FocusView";
				TVOS_DEPLOYMENT_TARGET = 13.2;
			};
			name = Release;
		};
		AB1CAD2D240D7D2E000FE83C /* Debug */ = {
			isa = XCBuildConfiguration;
			buildSettings = {
				ALWAYS_EMBED_SWIFT_STANDARD_LIBRARIES = YES;
				CODE_SIGN_STYLE = Automatic;
				DEVELOPMENT_TEAM = JK56H472A8;
				INFOPLIST_FILE = FocusViewUITests/Info.plist;
				LD_RUNPATH_SEARCH_PATHS = (
					"$(inherited)",
					"@executable_path/Frameworks",
					"@loader_path/Frameworks",
				);
				PRODUCT_BUNDLE_IDENTIFIER = com.headworkgames.FocusViewUITests;
				PRODUCT_NAME = "$(TARGET_NAME)";
				SWIFT_VERSION = 5.0;
				TARGETED_DEVICE_FAMILY = 3;
				TEST_TARGET_NAME = FocusView;
			};
			name = Debug;
		};
		AB1CAD2E240D7D2E000FE83C /* Release */ = {
			isa = XCBuildConfiguration;
			buildSettings = {
				ALWAYS_EMBED_SWIFT_STANDARD_LIBRARIES = YES;
				CODE_SIGN_STYLE = Automatic;
				DEVELOPMENT_TEAM = JK56H472A8;
				INFOPLIST_FILE = FocusViewUITests/Info.plist;
				LD_RUNPATH_SEARCH_PATHS = (
					"$(inherited)",
					"@executable_path/Frameworks",
					"@loader_path/Frameworks",
				);
				PRODUCT_BUNDLE_IDENTIFIER = com.headworkgames.FocusViewUITests;
				PRODUCT_NAME = "$(TARGET_NAME)";
				SWIFT_VERSION = 5.0;
				TARGETED_DEVICE_FAMILY = 3;
				TEST_TARGET_NAME = FocusView;
			};
			name = Release;
		};
/* End XCBuildConfiguration section */

/* Begin XCConfigurationList section */
		AB1CACF9240D7D2C000FE83C /* Build configuration list for PBXProject "FocusView" */ = {
			isa = XCConfigurationList;
			buildConfigurations = (
				AB1CAD24240D7D2E000FE83C /* Debug */,
				AB1CAD25240D7D2E000FE83C /* Release */,
			);
			defaultConfigurationIsVisible = 0;
			defaultConfigurationName = Release;
		};
		AB1CAD26240D7D2E000FE83C /* Build configuration list for PBXNativeTarget "FocusView" */ = {
			isa = XCConfigurationList;
			buildConfigurations = (
				AB1CAD27240D7D2E000FE83C /* Debug */,
				AB1CAD28240D7D2E000FE83C /* Release */,
			);
			defaultConfigurationIsVisible = 0;
			defaultConfigurationName = Release;
		};
		AB1CAD29240D7D2E000FE83C /* Build configuration list for PBXNativeTarget "FocusViewTests" */ = {
			isa = XCConfigurationList;
			buildConfigurations = (
				AB1CAD2A240D7D2E000FE83C /* Debug */,
				AB1CAD2B240D7D2E000FE83C /* Release */,
			);
			defaultConfigurationIsVisible = 0;
			defaultConfigurationName = Release;
		};
		AB1CAD2C240D7D2E000FE83C /* Build configuration list for PBXNativeTarget "FocusViewUITests" */ = {
			isa = XCConfigurationList;
			buildConfigurations = (
				AB1CAD2D240D7D2E000FE83C /* Debug */,
				AB1CAD2E240D7D2E000FE83C /* Release */,
			);
			defaultConfigurationIsVisible = 0;
			defaultConfigurationName = Release;
		};
/* End XCConfigurationList section */
	};
	rootObject = AB1CACF6240D7D2C000FE83C /* Project object */;
}
