// !$*UTF8*$!
{
	archiveVersion = 1;
	classes = {
	};
	objectVersion = 50;
	objects = {

/* Begin PBXBuildFile section */
		ABC9ECA92413E7430071201E /* AppDelegate.swift in Sources */ = {isa = PBXBuildFile; fileRef = ABC9ECA82413E7430071201E /* AppDelegate.swift */; };
		ABC9ECAB2413E7430071201E /* ContentView.swift in Sources */ = {isa = PBXBuildFile; fileRef = ABC9ECAA2413E7430071201E /* ContentView.swift */; };
		ABC9ECAD2413E7440071201E /* Assets.xcassets in Resources */ = {isa = PBXBuildFile; fileRef = ABC9ECAC2413E7440071201E /* Assets.xcassets */; };
		ABC9ECB02413E7440071201E /* Preview Assets.xcassets in Resources */ = {isa = PBXBuildFile; fileRef = ABC9ECAF2413E7440071201E /* Preview Assets.xcassets */; };
		ABC9ECB32413E7440071201E /* LaunchScreen.storyboard in Resources */ = {isa = PBXBuildFile; fileRef = ABC9ECB12413E7440071201E /* LaunchScreen.storyboard */; };
		ABC9ECBE2413E7440071201E /* TextFieldTests.swift in Sources */ = {isa = PBXBuildFile; fileRef = ABC9ECBD2413E7440071201E /* TextFieldTests.swift */; };
		ABC9ECC92413E7440071201E /* TextFieldUITests.swift in Sources */ = {isa = PBXBuildFile; fileRef = ABC9ECC82413E7440071201E /* TextFieldUITests.swift */; };
/* End PBXBuildFile section */

/* Begin PBXContainerItemProxy section */
		ABC9ECBA2413E7440071201E /* PBXContainerItemProxy */ = {
			isa = PBXContainerItemProxy;
			containerPortal = ABC9EC9D2413E7420071201E /* Project object */;
			proxyType = 1;
			remoteGlobalIDString = ABC9ECA42413E7430071201E;
			remoteInfo = TextField;
		};
		ABC9ECC52413E7440071201E /* PBXContainerItemProxy */ = {
			isa = PBXContainerItemProxy;
			containerPortal = ABC9EC9D2413E7420071201E /* Project object */;
			proxyType = 1;
			remoteGlobalIDString = ABC9ECA42413E7430071201E;
			remoteInfo = TextField;
		};
/* End PBXContainerItemProxy section */

/* Begin PBXFileReference section */
		ABC9ECA52413E7430071201E /* TextField.app */ = {isa = PBXFileReference; explicitFileType = wrapper.application; includeInIndex = 0; path = TextField.app; sourceTree = BUILT_PRODUCTS_DIR; };
		ABC9ECA82413E7430071201E /* AppDelegate.swift */ = {isa = PBXFileReference; lastKnownFileType = sourcecode.swift; path = AppDelegate.swift; sourceTree = "<group>"; };
		ABC9ECAA2413E7430071201E /* ContentView.swift */ = {isa = PBXFileReference; lastKnownFileType = sourcecode.swift; path = ContentView.swift; sourceTree = "<group>"; };
		ABC9ECAC2413E7440071201E /* Assets.xcassets */ = {isa = PBXFileReference; lastKnownFileType = folder.assetcatalog; path = Assets.xcassets; sourceTree = "<group>"; };
		ABC9ECAF2413E7440071201E /* Preview Assets.xcassets */ = {isa = PBXFileReference; lastKnownFileType = folder.assetcatalog; path = "Preview Assets.xcassets"; sourceTree = "<group>"; };
		ABC9ECB22413E7440071201E /* Base */ = {isa = PBXFileReference; lastKnownFileType = file.storyboard; name = Base; path = Base.lproj/LaunchScreen.storyboard; sourceTree = "<group>"; };
		ABC9ECB42413E7440071201E /* Info.plist */ = {isa = PBXFileReference; lastKnownFileType = text.plist.xml; path = Info.plist; sourceTree = "<group>"; };
		ABC9ECB92413E7440071201E /* TextFieldTests.xctest */ = {isa = PBXFileReference; explicitFileType = wrapper.cfbundle; includeInIndex = 0; path = TextFieldTests.xctest; sourceTree = BUILT_PRODUCTS_DIR; };
		ABC9ECBD2413E7440071201E /* TextFieldTests.swift */ = {isa = PBXFileReference; lastKnownFileType = sourcecode.swift; path = TextFieldTests.swift; sourceTree = "<group>"; };
		ABC9ECBF2413E7440071201E /* Info.plist */ = {isa = PBXFileReference; lastKnownFileType = text.plist.xml; path = Info.plist; sourceTree = "<group>"; };
		ABC9ECC42413E7440071201E /* TextFieldUITests.xctest */ = {isa = PBXFileReference; explicitFileType = wrapper.cfbundle; includeInIndex = 0; path = TextFieldUITests.xctest; sourceTree = BUILT_PRODUCTS_DIR; };
		ABC9ECC82413E7440071201E /* TextFieldUITests.swift */ = {isa = PBXFileReference; lastKnownFileType = sourcecode.swift; path = TextFieldUITests.swift; sourceTree = "<group>"; };
		ABC9ECCA2413E7440071201E /* Info.plist */ = {isa = PBXFileReference; lastKnownFileType = text.plist.xml; path = Info.plist; sourceTree = "<group>"; };
/* End PBXFileReference section */

/* Begin PBXFrameworksBuildPhase section */
		ABC9ECA22413E7430071201E /* Frameworks */ = {
			isa = PBXFrameworksBuildPhase;
			buildActionMask = 2147483647;
			files = (
			);
			runOnlyForDeploymentPostprocessing = 0;
		};
		ABC9ECB62413E7440071201E /* Frameworks */ = {
			isa = PBXFrameworksBuildPhase;
			buildActionMask = 2147483647;
			files = (
			);
			runOnlyForDeploymentPostprocessing = 0;
		};
		ABC9ECC12413E7440071201E /* Frameworks */ = {
			isa = PBXFrameworksBuildPhase;
			buildActionMask = 2147483647;
			files = (
			);
			runOnlyForDeploymentPostprocessing = 0;
		};
/* End PBXFrameworksBuildPhase section */

/* Begin PBXGroup section */
		ABC9EC9C2413E7420071201E = {
			isa = PBXGroup;
			children = (
				ABC9ECA72413E7430071201E /* TextField */,
				ABC9ECBC2413E7440071201E /* TextFieldTests */,
				ABC9ECC72413E7440071201E /* TextFieldUITests */,
				ABC9ECA62413E7430071201E /* Products */,
			);
			sourceTree = "<group>";
		};
		ABC9ECA62413E7430071201E /* Products */ = {
			isa = PBXGroup;
			children = (
				ABC9ECA52413E7430071201E /* TextField.app */,
				ABC9ECB92413E7440071201E /* TextFieldTests.xctest */,
				ABC9ECC42413E7440071201E /* TextFieldUITests.xctest */,
			);
			name = Products;
			sourceTree = "<group>";
		};
		ABC9ECA72413E7430071201E /* TextField */ = {
			isa = PBXGroup;
			children = (
				ABC9ECA82413E7430071201E /* AppDelegate.swift */,
				ABC9ECAA2413E7430071201E /* ContentView.swift */,
				ABC9ECAC2413E7440071201E /* Assets.xcassets */,
				ABC9ECB12413E7440071201E /* LaunchScreen.storyboard */,
				ABC9ECB42413E7440071201E /* Info.plist */,
				ABC9ECAE2413E7440071201E /* Preview Content */,
			);
			path = TextField;
			sourceTree = "<group>";
		};
		ABC9ECAE2413E7440071201E /* Preview Content */ = {
			isa = PBXGroup;
			children = (
				ABC9ECAF2413E7440071201E /* Preview Assets.xcassets */,
			);
			path = "Preview Content";
			sourceTree = "<group>";
		};
		ABC9ECBC2413E7440071201E /* TextFieldTests */ = {
			isa = PBXGroup;
			children = (
				ABC9ECBD2413E7440071201E /* TextFieldTests.swift */,
				ABC9ECBF2413E7440071201E /* Info.plist */,
			);
			path = TextFieldTests;
			sourceTree = "<group>";
		};
		ABC9ECC72413E7440071201E /* TextFieldUITests */ = {
			isa = PBXGroup;
			children = (
				ABC9ECC82413E7440071201E /* TextFieldUITests.swift */,
				ABC9ECCA2413E7440071201E /* Info.plist */,
			);
			path = TextFieldUITests;
			sourceTree = "<group>";
		};
/* End PBXGroup section */

/* Begin PBXNativeTarget section */
		ABC9ECA42413E7430071201E /* TextField */ = {
			isa = PBXNativeTarget;
			buildConfigurationList = ABC9ECCD2413E7440071201E /* Build configuration list for PBXNativeTarget "TextField" */;
			buildPhases = (
				ABC9ECA12413E7430071201E /* Sources */,
				ABC9ECA22413E7430071201E /* Frameworks */,
				ABC9ECA32413E7430071201E /* Resources */,
			);
			buildRules = (
			);
			dependencies = (
			);
			name = TextField;
			productName = TextField;
			productReference = ABC9ECA52413E7430071201E /* TextField.app */;
			productType = "com.apple.product-type.application";
		};
		ABC9ECB82413E7440071201E /* TextFieldTests */ = {
			isa = PBXNativeTarget;
			buildConfigurationList = ABC9ECD02413E7440071201E /* Build configuration list for PBXNativeTarget "TextFieldTests" */;
			buildPhases = (
				ABC9ECB52413E7440071201E /* Sources */,
				ABC9ECB62413E7440071201E /* Frameworks */,
				ABC9ECB72413E7440071201E /* Resources */,
			);
			buildRules = (
			);
			dependencies = (
				ABC9ECBB2413E7440071201E /* PBXTargetDependency */,
			);
			name = TextFieldTests;
			productName = TextFieldTests;
			productReference = ABC9ECB92413E7440071201E /* TextFieldTests.xctest */;
			productType = "com.apple.product-type.bundle.unit-test";
		};
		ABC9ECC32413E7440071201E /* TextFieldUITests */ = {
			isa = PBXNativeTarget;
			buildConfigurationList = ABC9ECD32413E7440071201E /* Build configuration list for PBXNativeTarget "TextFieldUITests" */;
			buildPhases = (
				ABC9ECC02413E7440071201E /* Sources */,
				ABC9ECC12413E7440071201E /* Frameworks */,
				ABC9ECC22413E7440071201E /* Resources */,
			);
			buildRules = (
			);
			dependencies = (
				ABC9ECC62413E7440071201E /* PBXTargetDependency */,
			);
			name = TextFieldUITests;
			productName = TextFieldUITests;
			productReference = ABC9ECC42413E7440071201E /* TextFieldUITests.xctest */;
			productType = "com.apple.product-type.bundle.ui-testing";
		};
/* End PBXNativeTarget section */

/* Begin PBXProject section */
		ABC9EC9D2413E7420071201E /* Project object */ = {
			isa = PBXProject;
			attributes = {
				LastSwiftUpdateCheck = 1130;
				LastUpgradeCheck = 1130;
				ORGANIZATIONNAME = "Jonathan Ramirez";
				TargetAttributes = {
					ABC9ECA42413E7430071201E = {
						CreatedOnToolsVersion = 11.3.1;
					};
					ABC9ECB82413E7440071201E = {
						CreatedOnToolsVersion = 11.3.1;
						TestTargetID = ABC9ECA42413E7430071201E;
					};
					ABC9ECC32413E7440071201E = {
						CreatedOnToolsVersion = 11.3.1;
						TestTargetID = ABC9ECA42413E7430071201E;
					};
				};
			};
			buildConfigurationList = ABC9ECA02413E7420071201E /* Build configuration list for PBXProject "TextField" */;
			compatibilityVersion = "Xcode 9.3";
			developmentRegion = en;
			hasScannedForEncodings = 0;
			knownRegions = (
				en,
				Base,
			);
			mainGroup = ABC9EC9C2413E7420071201E;
			productRefGroup = ABC9ECA62413E7430071201E /* Products */;
			projectDirPath = "";
			projectRoot = "";
			targets = (
				ABC9ECA42413E7430071201E /* TextField */,
				ABC9ECB82413E7440071201E /* TextFieldTests */,
				ABC9ECC32413E7440071201E /* TextFieldUITests */,
			);
		};
/* End PBXProject section */

/* Begin PBXResourcesBuildPhase section */
		ABC9ECA32413E7430071201E /* Resources */ = {
			isa = PBXResourcesBuildPhase;
			buildActionMask = 2147483647;
			files = (
				ABC9ECB32413E7440071201E /* LaunchScreen.storyboard in Resources */,
				ABC9ECB02413E7440071201E /* Preview Assets.xcassets in Resources */,
				ABC9ECAD2413E7440071201E /* Assets.xcassets in Resources */,
			);
			runOnlyForDeploymentPostprocessing = 0;
		};
		ABC9ECB72413E7440071201E /* Resources */ = {
			isa = PBXResourcesBuildPhase;
			buildActionMask = 2147483647;
			files = (
			);
			runOnlyForDeploymentPostprocessing = 0;
		};
		ABC9ECC22413E7440071201E /* Resources */ = {
			isa = PBXResourcesBuildPhase;
			buildActionMask = 2147483647;
			files = (
			);
			runOnlyForDeploymentPostprocessing = 0;
		};
/* End PBXResourcesBuildPhase section */

/* Begin PBXSourcesBuildPhase section */
		ABC9ECA12413E7430071201E /* Sources */ = {
			isa = PBXSourcesBuildPhase;
			buildActionMask = 2147483647;
			files = (
				ABC9ECAB2413E7430071201E /* ContentView.swift in Sources */,
				ABC9ECA92413E7430071201E /* AppDelegate.swift in Sources */,
			);
			runOnlyForDeploymentPostprocessing = 0;
		};
		ABC9ECB52413E7440071201E /* Sources */ = {
			isa = PBXSourcesBuildPhase;
			buildActionMask = 2147483647;
			files = (
				ABC9ECBE2413E7440071201E /* TextFieldTests.swift in Sources */,
			);
			runOnlyForDeploymentPostprocessing = 0;
		};
		ABC9ECC02413E7440071201E /* Sources */ = {
			isa = PBXSourcesBuildPhase;
			buildActionMask = 2147483647;
			files = (
				ABC9ECC92413E7440071201E /* TextFieldUITests.swift in Sources */,
			);
			runOnlyForDeploymentPostprocessing = 0;
		};
/* End PBXSourcesBuildPhase section */

/* Begin PBXTargetDependency section */
		ABC9ECBB2413E7440071201E /* PBXTargetDependency */ = {
			isa = PBXTargetDependency;
			target = ABC9ECA42413E7430071201E /* TextField */;
			targetProxy = ABC9ECBA2413E7440071201E /* PBXContainerItemProxy */;
		};
		ABC9ECC62413E7440071201E /* PBXTargetDependency */ = {
			isa = PBXTargetDependency;
			target = ABC9ECA42413E7430071201E /* TextField */;
			targetProxy = ABC9ECC52413E7440071201E /* PBXContainerItemProxy */;
		};
/* End PBXTargetDependency section */

/* Begin PBXVariantGroup section */
		ABC9ECB12413E7440071201E /* LaunchScreen.storyboard */ = {
			isa = PBXVariantGroup;
			children = (
				ABC9ECB22413E7440071201E /* Base */,
			);
			name = LaunchScreen.storyboard;
			sourceTree = "<group>";
		};
/* End PBXVariantGroup section */

/* Begin XCBuildConfiguration section */
		ABC9ECCB2413E7440071201E /* Debug */ = {
			isa = XCBuildConfiguration;
			buildSettings = {
				ALWAYS_SEARCH_USER_PATHS = NO;
				CLANG_ANALYZER_NONNULL = YES;
				CLANG_ANALYZER_NUMBER_OBJECT_CONVERSION = YES_AGGRESSIVE;
				CLANG_CXX_LANGUAGE_STANDARD = "gnu++14";
				CLANG_CXX_LIBRARY = "libc++";
				CLANG_ENABLE_MODULES = YES;
				CLANG_ENABLE_OBJC_ARC = YES;
				CLANG_ENABLE_OBJC_WEAK = YES;
				CLANG_WARN_BLOCK_CAPTURE_AUTORELEASING = YES;
				CLANG_WARN_BOOL_CONVERSION = YES;
				CLANG_WARN_COMMA = YES;
				CLANG_WARN_CONSTANT_CONVERSION = YES;
				CLANG_WARN_DEPRECATED_OBJC_IMPLEMENTATIONS = YES;
				CLANG_WARN_DIRECT_OBJC_ISA_USAGE = YES_ERROR;
				CLANG_WARN_DOCUMENTATION_COMMENTS = YES;
				CLANG_WARN_EMPTY_BODY = YES;
				CLANG_WARN_ENUM_CONVERSION = YES;
				CLANG_WARN_INFINITE_RECURSION = YES;
				CLANG_WARN_INT_CONVERSION = YES;
				CLANG_WARN_NON_LITERAL_NULL_CONVERSION = YES;
				CLANG_WARN_OBJC_IMPLICIT_RETAIN_SELF = YES;
				CLANG_WARN_OBJC_LITERAL_CONVERSION = YES;
				CLANG_WARN_OBJC_ROOT_CLASS = YES_ERROR;
				CLANG_WARN_RANGE_LOOP_ANALYSIS = YES;
				CLANG_WARN_STRICT_PROTOTYPES = YES;
				CLANG_WARN_SUSPICIOUS_MOVE = YES;
				CLANG_WARN_UNGUARDED_AVAILABILITY = YES_AGGRESSIVE;
				CLANG_WARN_UNREACHABLE_CODE = YES;
				CLANG_WARN__DUPLICATE_METHOD_MATCH = YES;
				COPY_PHASE_STRIP = NO;
				DEBUG_INFORMATION_FORMAT = dwarf;
				ENABLE_STRICT_OBJC_MSGSEND = YES;
				ENABLE_TESTABILITY = YES;
				GCC_C_LANGUAGE_STANDARD = gnu11;
				GCC_DYNAMIC_NO_PIC = NO;
				GCC_NO_COMMON_BLOCKS = YES;
				GCC_OPTIMIZATION_LEVEL = 0;
				GCC_PREPROCESSOR_DEFINITIONS = (
					"DEBUG=1",
					"$(inherited)",
				);
				GCC_WARN_64_TO_32_BIT_CONVERSION = YES;
				GCC_WARN_ABOUT_RETURN_TYPE = YES_ERROR;
				GCC_WARN_UNDECLARED_SELECTOR = YES;
				GCC_WARN_UNINITIALIZED_AUTOS = YES_AGGRESSIVE;
				GCC_WARN_UNUSED_FUNCTION = YES;
				GCC_WARN_UNUSED_VARIABLE = YES;
				MTL_ENABLE_DEBUG_INFO = INCLUDE_SOURCE;
				MTL_FAST_MATH = YES;
				ONLY_ACTIVE_ARCH = YES;
				SDKROOT = appletvos;
				SWIFT_ACTIVE_COMPILATION_CONDITIONS = DEBUG;
				SWIFT_OPTIMIZATION_LEVEL = "-Onone";
				TVOS_DEPLOYMENT_TARGET = 13.2;
			};
			name = Debug;
		};
		ABC9ECCC2413E7440071201E /* Release */ = {
			isa = XCBuildConfiguration;
			buildSettings = {
				ALWAYS_SEARCH_USER_PATHS = NO;
				CLANG_ANALYZER_NONNULL = YES;
				CLANG_ANALYZER_NUMBER_OBJECT_CONVERSION = YES_AGGRESSIVE;
				CLANG_CXX_LANGUAGE_STANDARD = "gnu++14";
				CLANG_CXX_LIBRARY = "libc++";
				CLANG_ENABLE_MODULES = YES;
				CLANG_ENABLE_OBJC_ARC = YES;
				CLANG_ENABLE_OBJC_WEAK = YES;
				CLANG_WARN_BLOCK_CAPTURE_AUTORELEASING = YES;
				CLANG_WARN_BOOL_CONVERSION = YES;
				CLANG_WARN_COMMA = YES;
				CLANG_WARN_CONSTANT_CONVERSION = YES;
				CLANG_WARN_DEPRECATED_OBJC_IMPLEMENTATIONS = YES;
				CLANG_WARN_DIRECT_OBJC_ISA_USAGE = YES_ERROR;
				CLANG_WARN_DOCUMENTATION_COMMENTS = YES;
				CLANG_WARN_EMPTY_BODY = YES;
				CLANG_WARN_ENUM_CONVERSION = YES;
				CLANG_WARN_INFINITE_RECURSION = YES;
				CLANG_WARN_INT_CONVERSION = YES;
				CLANG_WARN_NON_LITERAL_NULL_CONVERSION = YES;
				CLANG_WARN_OBJC_IMPLICIT_RETAIN_SELF = YES;
				CLANG_WARN_OBJC_LITERAL_CONVERSION = YES;
				CLANG_WARN_OBJC_ROOT_CLASS = YES_ERROR;
				CLANG_WARN_RANGE_LOOP_ANALYSIS = YES;
				CLANG_WARN_STRICT_PROTOTYPES = YES;
				CLANG_WARN_SUSPICIOUS_MOVE = YES;
				CLANG_WARN_UNGUARDED_AVAILABILITY = YES_AGGRESSIVE;
				CLANG_WARN_UNREACHABLE_CODE = YES;
				CLANG_WARN__DUPLICATE_METHOD_MATCH = YES;
				COPY_PHASE_STRIP = NO;
				DEBUG_INFORMATION_FORMAT = "dwarf-with-dsym";
				ENABLE_NS_ASSERTIONS = NO;
				ENABLE_STRICT_OBJC_MSGSEND = YES;
				GCC_C_LANGUAGE_STANDARD = gnu11;
				GCC_NO_COMMON_BLOCKS = YES;
				GCC_WARN_64_TO_32_BIT_CONVERSION = YES;
				GCC_WARN_ABOUT_RETURN_TYPE = YES_ERROR;
				GCC_WARN_UNDECLARED_SELECTOR = YES;
				GCC_WARN_UNINITIALIZED_AUTOS = YES_AGGRESSIVE;
				GCC_WARN_UNUSED_FUNCTION = YES;
				GCC_WARN_UNUSED_VARIABLE = YES;
				MTL_ENABLE_DEBUG_INFO = NO;
				MTL_FAST_MATH = YES;
				SDKROOT = appletvos;
				SWIFT_COMPILATION_MODE = wholemodule;
				SWIFT_OPTIMIZATION_LEVEL = "-O";
				TVOS_DEPLOYMENT_TARGET = 13.2;
				VALIDATE_PRODUCT = YES;
			};
			name = Release;
		};
		ABC9ECCE2413E7440071201E /* Debug */ = {
			isa = XCBuildConfiguration;
			buildSettings = {
				ASSETCATALOG_COMPILER_APPICON_NAME = "App Icon & Top Shelf Image";
				CODE_SIGN_STYLE = Automatic;
				DEVELOPMENT_ASSET_PATHS = "\"TextField/Preview Content\"";
				DEVELOPMENT_TEAM = JK56H472A8;
				ENABLE_PREVIEWS = YES;
				INFOPLIST_FILE = TextField/Info.plist;
				LD_RUNPATH_SEARCH_PATHS = (
					"$(inherited)",
					"@executable_path/Frameworks",
				);
				PRODUCT_BUNDLE_IDENTIFIER = com.headworkgames.TextField;
				PRODUCT_NAME = "$(TARGET_NAME)";
				SWIFT_VERSION = 5.0;
				TARGETED_DEVICE_FAMILY = 3;
			};
			name = Debug;
		};
		ABC9ECCF2413E7440071201E /* Release */ = {
			isa = XCBuildConfiguration;
			buildSettings = {
				ASSETCATALOG_COMPILER_APPICON_NAME = "App Icon & Top Shelf Image";
				CODE_SIGN_STYLE = Automatic;
				DEVELOPMENT_ASSET_PATHS = "\"TextField/Preview Content\"";
				DEVELOPMENT_TEAM = JK56H472A8;
				ENABLE_PREVIEWS = YES;
				INFOPLIST_FILE = TextField/Info.plist;
				LD_RUNPATH_SEARCH_PATHS = (
					"$(inherited)",
					"@executable_path/Frameworks",
				);
				PRODUCT_BUNDLE_IDENTIFIER = com.headworkgames.TextField;
				PRODUCT_NAME = "$(TARGET_NAME)";
				SWIFT_VERSION = 5.0;
				TARGETED_DEVICE_FAMILY = 3;
			};
			name = Release;
		};
		ABC9ECD12413E7440071201E /* Debug */ = {
			isa = XCBuildConfiguration;
			buildSettings = {
				ALWAYS_EMBED_SWIFT_STANDARD_LIBRARIES = YES;
				BUNDLE_LOADER = "$(TEST_HOST)";
				CODE_SIGN_STYLE = Automatic;
				DEVELOPMENT_TEAM = JK56H472A8;
				INFOPLIST_FILE = TextFieldTests/Info.plist;
				LD_RUNPATH_SEARCH_PATHS = (
					"$(inherited)",
					"@executable_path/Frameworks",
					"@loader_path/Frameworks",
				);
				PRODUCT_BUNDLE_IDENTIFIER = com.headworkgames.TextFieldTests;
				PRODUCT_NAME = "$(TARGET_NAME)";
				SWIFT_VERSION = 5.0;
				TARGETED_DEVICE_FAMILY = 3;
				TEST_HOST = "$(BUILT_PRODUCTS_DIR)/TextField.app/TextField";
				TVOS_DEPLOYMENT_TARGET = 13.2;
			};
			name = Debug;
		};
		ABC9ECD22413E7440071201E /* Release */ = {
			isa = XCBuildConfiguration;
			buildSettings = {
				ALWAYS_EMBED_SWIFT_STANDARD_LIBRARIES = YES;
				BUNDLE_LOADER = "$(TEST_HOST)";
				CODE_SIGN_STYLE = Automatic;
				DEVELOPMENT_TEAM = JK56H472A8;
				INFOPLIST_FILE = TextFieldTests/Info.plist;
				LD_RUNPATH_SEARCH_PATHS = (
					"$(inherited)",
					"@executable_path/Frameworks",
					"@loader_path/Frameworks",
				);
				PRODUCT_BUNDLE_IDENTIFIER = com.headworkgames.TextFieldTests;
				PRODUCT_NAME = "$(TARGET_NAME)";
				SWIFT_VERSION = 5.0;
				TARGETED_DEVICE_FAMILY = 3;
				TEST_HOST = "$(BUILT_PRODUCTS_DIR)/TextField.app/TextField";
				TVOS_DEPLOYMENT_TARGET = 13.2;
			};
			name = Release;
		};
		ABC9ECD42413E7440071201E /* Debug */ = {
			isa = XCBuildConfiguration;
			buildSettings = {
				ALWAYS_EMBED_SWIFT_STANDARD_LIBRARIES = YES;
				CODE_SIGN_STYLE = Automatic;
				DEVELOPMENT_TEAM = JK56H472A8;
				INFOPLIST_FILE = TextFieldUITests/Info.plist;
				LD_RUNPATH_SEARCH_PATHS = (
					"$(inherited)",
					"@executable_path/Frameworks",
					"@loader_path/Frameworks",
				);
				PRODUCT_BUNDLE_IDENTIFIER = com.headworkgames.TextFieldUITests;
				PRODUCT_NAME = "$(TARGET_NAME)";
				SWIFT_VERSION = 5.0;
				TARGETED_DEVICE_FAMILY = 3;
				TEST_TARGET_NAME = TextField;
			};
			name = Debug;
		};
		ABC9ECD52413E7440071201E /* Release */ = {
			isa = XCBuildConfiguration;
			buildSettings = {
				ALWAYS_EMBED_SWIFT_STANDARD_LIBRARIES = YES;
				CODE_SIGN_STYLE = Automatic;
				DEVELOPMENT_TEAM = JK56H472A8;
				INFOPLIST_FILE = TextFieldUITests/Info.plist;
				LD_RUNPATH_SEARCH_PATHS = (
					"$(inherited)",
					"@executable_path/Frameworks",
					"@loader_path/Frameworks",
				);
				PRODUCT_BUNDLE_IDENTIFIER = com.headworkgames.TextFieldUITests;
				PRODUCT_NAME = "$(TARGET_NAME)";
				SWIFT_VERSION = 5.0;
				TARGETED_DEVICE_FAMILY = 3;
				TEST_TARGET_NAME = TextField;
			};
			name = Release;
		};
/* End XCBuildConfiguration section */

/* Begin XCConfigurationList section */
		ABC9ECA02413E7420071201E /* Build configuration list for PBXProject "TextField" */ = {
			isa = XCConfigurationList;
			buildConfigurations = (
				ABC9ECCB2413E7440071201E /* Debug */,
				ABC9ECCC2413E7440071201E /* Release */,
			);
			defaultConfigurationIsVisible = 0;
			defaultConfigurationName = Release;
		};
		ABC9ECCD2413E7440071201E /* Build configuration list for PBXNativeTarget "TextField" */ = {
			isa = XCConfigurationList;
			buildConfigurations = (
				ABC9ECCE2413E7440071201E /* Debug */,
				ABC9ECCF2413E7440071201E /* Release */,
			);
			defaultConfigurationIsVisible = 0;
			defaultConfigurationName = Release;
		};
		ABC9ECD02413E7440071201E /* Build configuration list for PBXNativeTarget "TextFieldTests" */ = {
			isa = XCConfigurationList;
			buildConfigurations = (
				ABC9ECD12413E7440071201E /* Debug */,
				ABC9ECD22413E7440071201E /* Release */,
			);
			defaultConfigurationIsVisible = 0;
			defaultConfigurationName = Release;
		};
		ABC9ECD32413E7440071201E /* Build configuration list for PBXNativeTarget "TextFieldUITests" */ = {
			isa = XCConfigurationList;
			buildConfigurations = (
				ABC9ECD42413E7440071201E /* Debug */,
				ABC9ECD52413E7440071201E /* Release */,
			);
			defaultConfigurationIsVisible = 0;
			defaultConfigurationName = Release;
		};
/* End XCConfigurationList section */
	};
	rootObject = ABC9EC9D2413E7420071201E /* Project object */;
}
