// !$*UTF8*$!
{
	archiveVersion = 1;
	classes = {
	};
	objectVersion = 50;
	objects = {

/* Begin PBXBuildFile section */
		ABBAD36C240D8CDE00EF1088 /* AppDelegate.swift in Sources */ = {isa = PBXBuildFile; fileRef = ABBAD36B240D8CDE00EF1088 /* AppDelegate.swift */; };
		ABBAD36E240D8CDE00EF1088 /* ViewController.swift in Sources */ = {isa = PBXBuildFile; fileRef = ABBAD36D240D8CDE00EF1088 /* ViewController.swift */; };
		ABBAD371240D8CDE00EF1088 /* Main.storyboard in Resources */ = {isa = PBXBuildFile; fileRef = ABBAD36F240D8CDE00EF1088 /* Main.storyboard */; };
		ABBAD373240D8CE000EF1088 /* Assets.xcassets in Resources */ = {isa = PBXBuildFile; fileRef = ABBAD372240D8CE000EF1088 /* Assets.xcassets */; };
		ABBAD376240D8CE000EF1088 /* LaunchScreen.storyboard in Resources */ = {isa = PBXBuildFile; fileRef = ABBAD374240D8CE000EF1088 /* LaunchScreen.storyboard */; };
		ABBAD381240D8CE000EF1088 /* TextFieldTests.swift in Sources */ = {isa = PBXBuildFile; fileRef = ABBAD380240D8CE000EF1088 /* TextFieldTests.swift */; };
		ABBAD38C240D8CE000EF1088 /* TextFieldUITests.swift in Sources */ = {isa = PBXBuildFile; fileRef = ABBAD38B240D8CE000EF1088 /* TextFieldUITests.swift */; };
/* End PBXBuildFile section */

/* Begin PBXContainerItemProxy section */
		ABBAD37D240D8CE000EF1088 /* PBXContainerItemProxy */ = {
			isa = PBXContainerItemProxy;
			containerPortal = ABBAD360240D8CDE00EF1088 /* Project object */;
			proxyType = 1;
			remoteGlobalIDString = ABBAD367240D8CDE00EF1088;
			remoteInfo = TextField;
		};
		ABBAD388240D8CE000EF1088 /* PBXContainerItemProxy */ = {
			isa = PBXContainerItemProxy;
			containerPortal = ABBAD360240D8CDE00EF1088 /* Project object */;
			proxyType = 1;
			remoteGlobalIDString = ABBAD367240D8CDE00EF1088;
			remoteInfo = TextField;
		};
/* End PBXContainerItemProxy section */

/* Begin PBXFileReference section */
		ABBAD368240D8CDE00EF1088 /* TextField.app */ = {isa = PBXFileReference; explicitFileType = wrapper.application; includeInIndex = 0; path = TextField.app; sourceTree = BUILT_PRODUCTS_DIR; };
		ABBAD36B240D8CDE00EF1088 /* AppDelegate.swift */ = {isa = PBXFileReference; lastKnownFileType = sourcecode.swift; path = AppDelegate.swift; sourceTree = "<group>"; };
		ABBAD36D240D8CDE00EF1088 /* ViewController.swift */ = {isa = PBXFileReference; lastKnownFileType = sourcecode.swift; path = ViewController.swift; sourceTree = "<group>"; };
		ABBAD370240D8CDE00EF1088 /* Base */ = {isa = PBXFileReference; lastKnownFileType = file.storyboard; name = Base; path = Base.lproj/Main.storyboard; sourceTree = "<group>"; };
		ABBAD372240D8CE000EF1088 /* Assets.xcassets */ = {isa = PBXFileReference; lastKnownFileType = folder.assetcatalog; path = Assets.xcassets; sourceTree = "<group>"; };
		ABBAD375240D8CE000EF1088 /* Base */ = {isa = PBXFileReference; lastKnownFileType = file.storyboard; name = Base; path = Base.lproj/LaunchScreen.storyboard; sourceTree = "<group>"; };
		ABBAD377240D8CE000EF1088 /* Info.plist */ = {isa = PBXFileReference; lastKnownFileType = text.plist.xml; path = Info.plist; sourceTree = "<group>"; };
		ABBAD37C240D8CE000EF1088 /* TextFieldTests.xctest */ = {isa = PBXFileReference; explicitFileType = wrapper.cfbundle; includeInIndex = 0; path = TextFieldTests.xctest; sourceTree = BUILT_PRODUCTS_DIR; };
		ABBAD380240D8CE000EF1088 /* TextFieldTests.swift */ = {isa = PBXFileReference; lastKnownFileType = sourcecode.swift; path = TextFieldTests.swift; sourceTree = "<group>"; };
		ABBAD382240D8CE000EF1088 /* Info.plist */ = {isa = PBXFileReference; lastKnownFileType = text.plist.xml; path = Info.plist; sourceTree = "<group>"; };
		ABBAD387240D8CE000EF1088 /* TextFieldUITests.xctest */ = {isa = PBXFileReference; explicitFileType = wrapper.cfbundle; includeInIndex = 0; path = TextFieldUITests.xctest; sourceTree = BUILT_PRODUCTS_DIR; };
		ABBAD38B240D8CE000EF1088 /* TextFieldUITests.swift */ = {isa = PBXFileReference; lastKnownFileType = sourcecode.swift; path = TextFieldUITests.swift; sourceTree = "<group>"; };
		ABBAD38D240D8CE000EF1088 /* Info.plist */ = {isa = PBXFileReference; lastKnownFileType = text.plist.xml; path = Info.plist; sourceTree = "<group>"; };
/* End PBXFileReference section */

/* Begin PBXFrameworksBuildPhase section */
		ABBAD365240D8CDE00EF1088 /* Frameworks */ = {
			isa = PBXFrameworksBuildPhase;
			buildActionMask = 2147483647;
			files = (
			);
			runOnlyForDeploymentPostprocessing = 0;
		};
		ABBAD379240D8CE000EF1088 /* Frameworks */ = {
			isa = PBXFrameworksBuildPhase;
			buildActionMask = 2147483647;
			files = (
			);
			runOnlyForDeploymentPostprocessing = 0;
		};
		ABBAD384240D8CE000EF1088 /* Frameworks */ = {
			isa = PBXFrameworksBuildPhase;
			buildActionMask = 2147483647;
			files = (
			);
			runOnlyForDeploymentPostprocessing = 0;
		};
/* End PBXFrameworksBuildPhase section */

/* Begin PBXGroup section */
		ABBAD35F240D8CDE00EF1088 = {
			isa = PBXGroup;
			children = (
				ABBAD36A240D8CDE00EF1088 /* TextField */,
				ABBAD37F240D8CE000EF1088 /* TextFieldTests */,
				ABBAD38A240D8CE000EF1088 /* TextFieldUITests */,
				ABBAD369240D8CDE00EF1088 /* Products */,
			);
			sourceTree = "<group>";
		};
		ABBAD369240D8CDE00EF1088 /* Products */ = {
			isa = PBXGroup;
			children = (
				ABBAD368240D8CDE00EF1088 /* TextField.app */,
				ABBAD37C240D8CE000EF1088 /* TextFieldTests.xctest */,
				ABBAD387240D8CE000EF1088 /* TextFieldUITests.xctest */,
			);
			name = Products;
			sourceTree = "<group>";
		};
		ABBAD36A240D8CDE00EF1088 /* TextField */ = {
			isa = PBXGroup;
			children = (
				ABBAD36B240D8CDE00EF1088 /* AppDelegate.swift */,
				ABBAD36D240D8CDE00EF1088 /* ViewController.swift */,
				ABBAD36F240D8CDE00EF1088 /* Main.storyboard */,
				ABBAD372240D8CE000EF1088 /* Assets.xcassets */,
				ABBAD374240D8CE000EF1088 /* LaunchScreen.storyboard */,
				ABBAD377240D8CE000EF1088 /* Info.plist */,
			);
			path = TextField;
			sourceTree = "<group>";
		};
		ABBAD37F240D8CE000EF1088 /* TextFieldTests */ = {
			isa = PBXGroup;
			children = (
				ABBAD380240D8CE000EF1088 /* TextFieldTests.swift */,
				ABBAD382240D8CE000EF1088 /* Info.plist */,
			);
			path = TextFieldTests;
			sourceTree = "<group>";
		};
		ABBAD38A240D8CE000EF1088 /* TextFieldUITests */ = {
			isa = PBXGroup;
			children = (
				ABBAD38B240D8CE000EF1088 /* TextFieldUITests.swift */,
				ABBAD38D240D8CE000EF1088 /* Info.plist */,
			);
			path = TextFieldUITests;
			sourceTree = "<group>";
		};
/* End PBXGroup section */

/* Begin PBXNativeTarget section */
		ABBAD367240D8CDE00EF1088 /* TextField */ = {
			isa = PBXNativeTarget;
			buildConfigurationList = ABBAD390240D8CE000EF1088 /* Build configuration list for PBXNativeTarget "TextField" */;
			buildPhases = (
				ABBAD364240D8CDE00EF1088 /* Sources */,
				ABBAD365240D8CDE00EF1088 /* Frameworks */,
				ABBAD366240D8CDE00EF1088 /* Resources */,
			);
			buildRules = (
			);
			dependencies = (
			);
			name = TextField;
			productName = TextField;
			productReference = ABBAD368240D8CDE00EF1088 /* TextField.app */;
			productType = "com.apple.product-type.application";
		};
		ABBAD37B240D8CE000EF1088 /* TextFieldTests */ = {
			isa = PBXNativeTarget;
			buildConfigurationList = ABBAD393240D8CE000EF1088 /* Build configuration list for PBXNativeTarget "TextFieldTests" */;
			buildPhases = (
				ABBAD378240D8CE000EF1088 /* Sources */,
				ABBAD379240D8CE000EF1088 /* Frameworks */,
				ABBAD37A240D8CE000EF1088 /* Resources */,
			);
			buildRules = (
			);
			dependencies = (
				ABBAD37E240D8CE000EF1088 /* PBXTargetDependency */,
			);
			name = TextFieldTests;
			productName = TextFieldTests;
			productReference = ABBAD37C240D8CE000EF1088 /* TextFieldTests.xctest */;
			productType = "com.apple.product-type.bundle.unit-test";
		};
		ABBAD386240D8CE000EF1088 /* TextFieldUITests */ = {
			isa = PBXNativeTarget;
			buildConfigurationList = ABBAD396240D8CE000EF1088 /* Build configuration list for PBXNativeTarget "TextFieldUITests" */;
			buildPhases = (
				ABBAD383240D8CE000EF1088 /* Sources */,
				ABBAD384240D8CE000EF1088 /* Frameworks */,
				ABBAD385240D8CE000EF1088 /* Resources */,
			);
			buildRules = (
			);
			dependencies = (
				ABBAD389240D8CE000EF1088 /* PBXTargetDependency */,
			);
			name = TextFieldUITests;
			productName = TextFieldUITests;
			productReference = ABBAD387240D8CE000EF1088 /* TextFieldUITests.xctest */;
			productType = "com.apple.product-type.bundle.ui-testing";
		};
/* End PBXNativeTarget section */

/* Begin PBXProject section */
		ABBAD360240D8CDE00EF1088 /* Project object */ = {
			isa = PBXProject;
			attributes = {
				LastSwiftUpdateCheck = 1130;
				LastUpgradeCheck = 1130;
				ORGANIZATIONNAME = "Jonathan Ramirez";
				TargetAttributes = {
					ABBAD367240D8CDE00EF1088 = {
						CreatedOnToolsVersion = 11.3.1;
					};
					ABBAD37B240D8CE000EF1088 = {
						CreatedOnToolsVersion = 11.3.1;
						TestTargetID = ABBAD367240D8CDE00EF1088;
					};
					ABBAD386240D8CE000EF1088 = {
						CreatedOnToolsVersion = 11.3.1;
						TestTargetID = ABBAD367240D8CDE00EF1088;
					};
				};
			};
			buildConfigurationList = ABBAD363240D8CDE00EF1088 /* Build configuration list for PBXProject "TextField" */;
			compatibilityVersion = "Xcode 9.3";
			developmentRegion = en;
			hasScannedForEncodings = 0;
			knownRegions = (
				en,
				Base,
			);
			mainGroup = ABBAD35F240D8CDE00EF1088;
			productRefGroup = ABBAD369240D8CDE00EF1088 /* Products */;
			projectDirPath = "";
			projectRoot = "";
			targets = (
				ABBAD367240D8CDE00EF1088 /* TextField */,
				ABBAD37B240D8CE000EF1088 /* TextFieldTests */,
				ABBAD386240D8CE000EF1088 /* TextFieldUITests */,
			);
		};
/* End PBXProject section */

/* Begin PBXResourcesBuildPhase section */
		ABBAD366240D8CDE00EF1088 /* Resources */ = {
			isa = PBXResourcesBuildPhase;
			buildActionMask = 2147483647;
			files = (
				ABBAD376240D8CE000EF1088 /* LaunchScreen.storyboard in Resources */,
				ABBAD373240D8CE000EF1088 /* Assets.xcassets in Resources */,
				ABBAD371240D8CDE00EF1088 /* Main.storyboard in Resources */,
			);
			runOnlyForDeploymentPostprocessing = 0;
		};
		ABBAD37A240D8CE000EF1088 /* Resources */ = {
			isa = PBXResourcesBuildPhase;
			buildActionMask = 2147483647;
			files = (
			);
			runOnlyForDeploymentPostprocessing = 0;
		};
		ABBAD385240D8CE000EF1088 /* Resources */ = {
			isa = PBXResourcesBuildPhase;
			buildActionMask = 2147483647;
			files = (
			);
			runOnlyForDeploymentPostprocessing = 0;
		};
/* End PBXResourcesBuildPhase section */

/* Begin PBXSourcesBuildPhase section */
		ABBAD364240D8CDE00EF1088 /* Sources */ = {
			isa = PBXSourcesBuildPhase;
			buildActionMask = 2147483647;
			files = (
				ABBAD36E240D8CDE00EF1088 /* ViewController.swift in Sources */,
				ABBAD36C240D8CDE00EF1088 /* AppDelegate.swift in Sources */,
			);
			runOnlyForDeploymentPostprocessing = 0;
		};
		ABBAD378240D8CE000EF1088 /* Sources */ = {
			isa = PBXSourcesBuildPhase;
			buildActionMask = 2147483647;
			files = (
				ABBAD381240D8CE000EF1088 /* TextFieldTests.swift in Sources */,
			);
			runOnlyForDeploymentPostprocessing = 0;
		};
		ABBAD383240D8CE000EF1088 /* Sources */ = {
			isa = PBXSourcesBuildPhase;
			buildActionMask = 2147483647;
			files = (
				ABBAD38C240D8CE000EF1088 /* TextFieldUITests.swift in Sources */,
			);
			runOnlyForDeploymentPostprocessing = 0;
		};
/* End PBXSourcesBuildPhase section */

/* Begin PBXTargetDependency section */
		ABBAD37E240D8CE000EF1088 /* PBXTargetDependency */ = {
			isa = PBXTargetDependency;
			target = ABBAD367240D8CDE00EF1088 /* TextField */;
			targetProxy = ABBAD37D240D8CE000EF1088 /* PBXContainerItemProxy */;
		};
		ABBAD389240D8CE000EF1088 /* PBXTargetDependency */ = {
			isa = PBXTargetDependency;
			target = ABBAD367240D8CDE00EF1088 /* TextField */;
			targetProxy = ABBAD388240D8CE000EF1088 /* PBXContainerItemProxy */;
		};
/* End PBXTargetDependency section */

/* Begin PBXVariantGroup section */
		ABBAD36F240D8CDE00EF1088 /* Main.storyboard */ = {
			isa = PBXVariantGroup;
			children = (
				ABBAD370240D8CDE00EF1088 /* Base */,
			);
			name = Main.storyboard;
			sourceTree = "<group>";
		};
		ABBAD374240D8CE000EF1088 /* LaunchScreen.storyboard */ = {
			isa = PBXVariantGroup;
			children = (
				ABBAD375240D8CE000EF1088 /* Base */,
			);
			name = LaunchScreen.storyboard;
			sourceTree = "<group>";
		};
/* End PBXVariantGroup section */

/* Begin XCBuildConfiguration section */
		ABBAD38E240D8CE000EF1088 /* Debug */ = {
			isa = XCBuildConfiguration;
			buildSettings = {
				ALWAYS_SEARCH_USER_PATHS = NO;
				CLANG_ANALYZER_NONNULL = YES;
				CLANG_ANALYZER_NUMBER_OBJECT_CONVERSION = YES_AGGRESSIVE;
				CLANG_CXX_LANGUAGE_STANDARD = "gnu++14";
				CLANG_CXX_LIBRARY = "libc++";
				CLANG_ENABLE_MODULES = YES;
				CLANG_ENABLE_OBJC_ARC = YES;
				CLANG_ENABLE_OBJC_WEAK = YES;
				CLANG_WARN_BLOCK_CAPTURE_AUTORELEASING = YES;
				CLANG_WARN_BOOL_CONVERSION = YES;
				CLANG_WARN_COMMA = YES;
				CLANG_WARN_CONSTANT_CONVERSION = YES;
				CLANG_WARN_DEPRECATED_OBJC_IMPLEMENTATIONS = YES;
				CLANG_WARN_DIRECT_OBJC_ISA_USAGE = YES_ERROR;
				CLANG_WARN_DOCUMENTATION_COMMENTS = YES;
				CLANG_WARN_EMPTY_BODY = YES;
				CLANG_WARN_ENUM_CONVERSION = YES;
				CLANG_WARN_INFINITE_RECURSION = YES;
				CLANG_WARN_INT_CONVERSION = YES;
				CLANG_WARN_NON_LITERAL_NULL_CONVERSION = YES;
				CLANG_WARN_OBJC_IMPLICIT_RETAIN_SELF = YES;
				CLANG_WARN_OBJC_LITERAL_CONVERSION = YES;
				CLANG_WARN_OBJC_ROOT_CLASS = YES_ERROR;
				CLANG_WARN_RANGE_LOOP_ANALYSIS = YES;
				CLANG_WARN_STRICT_PROTOTYPES = YES;
				CLANG_WARN_SUSPICIOUS_MOVE = YES;
				CLANG_WARN_UNGUARDED_AVAILABILITY = YES_AGGRESSIVE;
				CLANG_WARN_UNREACHABLE_CODE = YES;
				CLANG_WARN__DUPLICATE_METHOD_MATCH = YES;
				COPY_PHASE_STRIP = NO;
				DEBUG_INFORMATION_FORMAT = dwarf;
				ENABLE_STRICT_OBJC_MSGSEND = YES;
				ENABLE_TESTABILITY = YES;
				GCC_C_LANGUAGE_STANDARD = gnu11;
				GCC_DYNAMIC_NO_PIC = NO;
				GCC_NO_COMMON_BLOCKS = YES;
				GCC_OPTIMIZATION_LEVEL = 0;
				GCC_PREPROCESSOR_DEFINITIONS = (
					"DEBUG=1",
					"$(inherited)",
				);
				GCC_WARN_64_TO_32_BIT_CONVERSION = YES;
				GCC_WARN_ABOUT_RETURN_TYPE = YES_ERROR;
				GCC_WARN_UNDECLARED_SELECTOR = YES;
				GCC_WARN_UNINITIALIZED_AUTOS = YES_AGGRESSIVE;
				GCC_WARN_UNUSED_FUNCTION = YES;
				GCC_WARN_UNUSED_VARIABLE = YES;
				MTL_ENABLE_DEBUG_INFO = INCLUDE_SOURCE;
				MTL_FAST_MATH = YES;
				ONLY_ACTIVE_ARCH = YES;
				SDKROOT = appletvos;
				SWIFT_ACTIVE_COMPILATION_CONDITIONS = DEBUG;
				SWIFT_OPTIMIZATION_LEVEL = "-Onone";
				TVOS_DEPLOYMENT_TARGET = 13.2;
			};
			name = Debug;
		};
		ABBAD38F240D8CE000EF1088 /* Release */ = {
			isa = XCBuildConfiguration;
			buildSettings = {
				ALWAYS_SEARCH_USER_PATHS = NO;
				CLANG_ANALYZER_NONNULL = YES;
				CLANG_ANALYZER_NUMBER_OBJECT_CONVERSION = YES_AGGRESSIVE;
				CLANG_CXX_LANGUAGE_STANDARD = "gnu++14";
				CLANG_CXX_LIBRARY = "libc++";
				CLANG_ENABLE_MODULES = YES;
				CLANG_ENABLE_OBJC_ARC = YES;
				CLANG_ENABLE_OBJC_WEAK = YES;
				CLANG_WARN_BLOCK_CAPTURE_AUTORELEASING = YES;
				CLANG_WARN_BOOL_CONVERSION = YES;
				CLANG_WARN_COMMA = YES;
				CLANG_WARN_CONSTANT_CONVERSION = YES;
				CLANG_WARN_DEPRECATED_OBJC_IMPLEMENTATIONS = YES;
				CLANG_WARN_DIRECT_OBJC_ISA_USAGE = YES_ERROR;
				CLANG_WARN_DOCUMENTATION_COMMENTS = YES;
				CLANG_WARN_EMPTY_BODY = YES;
				CLANG_WARN_ENUM_CONVERSION = YES;
				CLANG_WARN_INFINITE_RECURSION = YES;
				CLANG_WARN_INT_CONVERSION = YES;
				CLANG_WARN_NON_LITERAL_NULL_CONVERSION = YES;
				CLANG_WARN_OBJC_IMPLICIT_RETAIN_SELF = YES;
				CLANG_WARN_OBJC_LITERAL_CONVERSION = YES;
				CLANG_WARN_OBJC_ROOT_CLASS = YES_ERROR;
				CLANG_WARN_RANGE_LOOP_ANALYSIS = YES;
				CLANG_WARN_STRICT_PROTOTYPES = YES;
				CLANG_WARN_SUSPICIOUS_MOVE = YES;
				CLANG_WARN_UNGUARDED_AVAILABILITY = YES_AGGRESSIVE;
				CLANG_WARN_UNREACHABLE_CODE = YES;
				CLANG_WARN__DUPLICATE_METHOD_MATCH = YES;
				COPY_PHASE_STRIP = NO;
				DEBUG_INFORMATION_FORMAT = "dwarf-with-dsym";
				ENABLE_NS_ASSERTIONS = NO;
				ENABLE_STRICT_OBJC_MSGSEND = YES;
				GCC_C_LANGUAGE_STANDARD = gnu11;
				GCC_NO_COMMON_BLOCKS = YES;
				GCC_WARN_64_TO_32_BIT_CONVERSION = YES;
				GCC_WARN_ABOUT_RETURN_TYPE = YES_ERROR;
				GCC_WARN_UNDECLARED_SELECTOR = YES;
				GCC_WARN_UNINITIALIZED_AUTOS = YES_AGGRESSIVE;
				GCC_WARN_UNUSED_FUNCTION = YES;
				GCC_WARN_UNUSED_VARIABLE = YES;
				MTL_ENABLE_DEBUG_INFO = NO;
				MTL_FAST_MATH = YES;
				SDKROOT = appletvos;
				SWIFT_COMPILATION_MODE = wholemodule;
				SWIFT_OPTIMIZATION_LEVEL = "-O";
				TVOS_DEPLOYMENT_TARGET = 13.2;
				VALIDATE_PRODUCT = YES;
			};
			name = Release;
		};
		ABBAD391240D8CE000EF1088 /* Debug */ = {
			isa = XCBuildConfiguration;
			buildSettings = {
				ASSETCATALOG_COMPILER_APPICON_NAME = "App Icon & Top Shelf Image";
				CODE_SIGN_STYLE = Automatic;
				DEVELOPMENT_TEAM = JK56H472A8;
				INFOPLIST_FILE = TextField/Info.plist;
				LD_RUNPATH_SEARCH_PATHS = (
					"$(inherited)",
					"@executable_path/Frameworks",
				);
				PRODUCT_BUNDLE_IDENTIFIER = com.headworkgames.TextField;
				PRODUCT_NAME = "$(TARGET_NAME)";
				SWIFT_VERSION = 5.0;
				TARGETED_DEVICE_FAMILY = 3;
			};
			name = Debug;
		};
		ABBAD392240D8CE000EF1088 /* Release */ = {
			isa = XCBuildConfiguration;
			buildSettings = {
				ASSETCATALOG_COMPILER_APPICON_NAME = "App Icon & Top Shelf Image";
				CODE_SIGN_STYLE = Automatic;
				DEVELOPMENT_TEAM = JK56H472A8;
				INFOPLIST_FILE = TextField/Info.plist;
				LD_RUNPATH_SEARCH_PATHS = (
					"$(inherited)",
					"@executable_path/Frameworks",
				);
				PRODUCT_BUNDLE_IDENTIFIER = com.headworkgames.TextField;
				PRODUCT_NAME = "$(TARGET_NAME)";
				SWIFT_VERSION = 5.0;
				TARGETED_DEVICE_FAMILY = 3;
			};
			name = Release;
		};
		ABBAD394240D8CE000EF1088 /* Debug */ = {
			isa = XCBuildConfiguration;
			buildSettings = {
				ALWAYS_EMBED_SWIFT_STANDARD_LIBRARIES = YES;
				BUNDLE_LOADER = "$(TEST_HOST)";
				CODE_SIGN_STYLE = Automatic;
				DEVELOPMENT_TEAM = JK56H472A8;
				INFOPLIST_FILE = TextFieldTests/Info.plist;
				LD_RUNPATH_SEARCH_PATHS = (
					"$(inherited)",
					"@executable_path/Frameworks",
					"@loader_path/Frameworks",
				);
				PRODUCT_BUNDLE_IDENTIFIER = com.headworkgames.TextFieldTests;
				PRODUCT_NAME = "$(TARGET_NAME)";
				SWIFT_VERSION = 5.0;
				TARGETED_DEVICE_FAMILY = 3;
				TEST_HOST = "$(BUILT_PRODUCTS_DIR)/TextField.app/TextField";
				TVOS_DEPLOYMENT_TARGET = 13.2;
			};
			name = Debug;
		};
		ABBAD395240D8CE000EF1088 /* Release */ = {
			isa = XCBuildConfiguration;
			buildSettings = {
				ALWAYS_EMBED_SWIFT_STANDARD_LIBRARIES = YES;
				BUNDLE_LOADER = "$(TEST_HOST)";
				CODE_SIGN_STYLE = Automatic;
				DEVELOPMENT_TEAM = JK56H472A8;
				INFOPLIST_FILE = TextFieldTests/Info.plist;
				LD_RUNPATH_SEARCH_PATHS = (
					"$(inherited)",
					"@executable_path/Frameworks",
					"@loader_path/Frameworks",
				);
				PRODUCT_BUNDLE_IDENTIFIER = com.headworkgames.TextFieldTests;
				PRODUCT_NAME = "$(TARGET_NAME)";
				SWIFT_VERSION = 5.0;
				TARGETED_DEVICE_FAMILY = 3;
				TEST_HOST = "$(BUILT_PRODUCTS_DIR)/TextField.app/TextField";
				TVOS_DEPLOYMENT_TARGET = 13.2;
			};
			name = Release;
		};
		ABBAD397240D8CE000EF1088 /* Debug */ = {
			isa = XCBuildConfiguration;
			buildSettings = {
				ALWAYS_EMBED_SWIFT_STANDARD_LIBRARIES = YES;
				CODE_SIGN_STYLE = Automatic;
				DEVELOPMENT_TEAM = JK56H472A8;
				INFOPLIST_FILE = TextFieldUITests/Info.plist;
				LD_RUNPATH_SEARCH_PATHS = (
					"$(inherited)",
					"@executable_path/Frameworks",
					"@loader_path/Frameworks",
				);
				PRODUCT_BUNDLE_IDENTIFIER = com.headworkgames.TextFieldUITests;
				PRODUCT_NAME = "$(TARGET_NAME)";
				SWIFT_VERSION = 5.0;
				TARGETED_DEVICE_FAMILY = 3;
				TEST_TARGET_NAME = TextField;
			};
			name = Debug;
		};
		ABBAD398240D8CE000EF1088 /* Release */ = {
			isa = XCBuildConfiguration;
			buildSettings = {
				ALWAYS_EMBED_SWIFT_STANDARD_LIBRARIES = YES;
				CODE_SIGN_STYLE = Automatic;
				DEVELOPMENT_TEAM = JK56H472A8;
				INFOPLIST_FILE = TextFieldUITests/Info.plist;
				LD_RUNPATH_SEARCH_PATHS = (
					"$(inherited)",
					"@executable_path/Frameworks",
					"@loader_path/Frameworks",
				);
				PRODUCT_BUNDLE_IDENTIFIER = com.headworkgames.TextFieldUITests;
				PRODUCT_NAME = "$(TARGET_NAME)";
				SWIFT_VERSION = 5.0;
				TARGETED_DEVICE_FAMILY = 3;
				TEST_TARGET_NAME = TextField;
			};
			name = Release;
		};
/* End XCBuildConfiguration section */

/* Begin XCConfigurationList section */
		ABBAD363240D8CDE00EF1088 /* Build configuration list for PBXProject "TextField" */ = {
			isa = XCConfigurationList;
			buildConfigurations = (
				ABBAD38E240D8CE000EF1088 /* Debug */,
				ABBAD38F240D8CE000EF1088 /* Release */,
			);
			defaultConfigurationIsVisible = 0;
			defaultConfigurationName = Release;
		};
		ABBAD390240D8CE000EF1088 /* Build configuration list for PBXNativeTarget "TextField" */ = {
			isa = XCConfigurationList;
			buildConfigurations = (
				ABBAD391240D8CE000EF1088 /* Debug */,
				ABBAD392240D8CE000EF1088 /* Release */,
			);
			defaultConfigurationIsVisible = 0;
			defaultConfigurationName = Release;
		};
		ABBAD393240D8CE000EF1088 /* Build configuration list for PBXNativeTarget "TextFieldTests" */ = {
			isa = XCConfigurationList;
			buildConfigurations = (
				ABBAD394240D8CE000EF1088 /* Debug */,
				ABBAD395240D8CE000EF1088 /* Release */,
			);
			defaultConfigurationIsVisible = 0;
			defaultConfigurationName = Release;
		};
		ABBAD396240D8CE000EF1088 /* Build configuration list for PBXNativeTarget "TextFieldUITests" */ = {
			isa = XCConfigurationList;
			buildConfigurations = (
				ABBAD397240D8CE000EF1088 /* Debug */,
				ABBAD398240D8CE000EF1088 /* Release */,
			);
			defaultConfigurationIsVisible = 0;
			defaultConfigurationName = Release;
		};
/* End XCConfigurationList section */
	};
	rootObject = ABBAD360240D8CDE00EF1088 /* Project object */;
}
