// !$*UTF8*$!
{
	archiveVersion = 1;
	classes = {
	};
	objectVersion = 50;
	objects = {

/* Begin PBXBuildFile section */
		AB1CAC4C240BCDDC000FE83C /* AppDelegate.swift in Sources */ = {isa = PBXBuildFile; fileRef = AB1CAC4B240BCDDC000FE83C /* AppDelegate.swift */; };
		AB1CAC4E240BCDDC000FE83C /* ViewController.swift in Sources */ = {isa = PBXBuildFile; fileRef = AB1CAC4D240BCDDC000FE83C /* ViewController.swift */; };
		AB1CAC51240BCDDC000FE83C /* Main.storyboard in Resources */ = {isa = PBXBuildFile; fileRef = AB1CAC4F240BCDDC000FE83C /* Main.storyboard */; };
		AB1CAC53240BCDDE000FE83C /* Assets.xcassets in Resources */ = {isa = PBXBuildFile; fileRef = AB1CAC52240BCDDE000FE83C /* Assets.xcassets */; };
		AB1CAC56240BCDDE000FE83C /* LaunchScreen.storyboard in Resources */ = {isa = PBXBuildFile; fileRef = AB1CAC54240BCDDE000FE83C /* LaunchScreen.storyboard */; };
		AB1CAC61240BCDDE000FE83C /* AlertsTests.swift in Sources */ = {isa = PBXBuildFile; fileRef = AB1CAC60240BCDDE000FE83C /* AlertsTests.swift */; };
		AB1CAC6C240BCDDE000FE83C /* AlertsUITests.swift in Sources */ = {isa = PBXBuildFile; fileRef = AB1CAC6B240BCDDE000FE83C /* AlertsUITests.swift */; };
/* End PBXBuildFile section */

/* Begin PBXContainerItemProxy section */
		AB1CAC5D240BCDDE000FE83C /* PBXContainerItemProxy */ = {
			isa = PBXContainerItemProxy;
			containerPortal = AB1CAC40240BCDDC000FE83C /* Project object */;
			proxyType = 1;
			remoteGlobalIDString = AB1CAC47240BCDDC000FE83C;
			remoteInfo = Alerts;
		};
		AB1CAC68240BCDDE000FE83C /* PBXContainerItemProxy */ = {
			isa = PBXContainerItemProxy;
			containerPortal = AB1CAC40240BCDDC000FE83C /* Project object */;
			proxyType = 1;
			remoteGlobalIDString = AB1CAC47240BCDDC000FE83C;
			remoteInfo = Alerts;
		};
/* End PBXContainerItemProxy section */

/* Begin PBXFileReference section */
		AB1CAC48240BCDDC000FE83C /* Alerts.app */ = {isa = PBXFileReference; explicitFileType = wrapper.application; includeInIndex = 0; path = Alerts.app; sourceTree = BUILT_PRODUCTS_DIR; };
		AB1CAC4B240BCDDC000FE83C /* AppDelegate.swift */ = {isa = PBXFileReference; lastKnownFileType = sourcecode.swift; path = AppDelegate.swift; sourceTree = "<group>"; };
		AB1CAC4D240BCDDC000FE83C /* ViewController.swift */ = {isa = PBXFileReference; lastKnownFileType = sourcecode.swift; path = ViewController.swift; sourceTree = "<group>"; };
		AB1CAC50240BCDDC000FE83C /* Base */ = {isa = PBXFileReference; lastKnownFileType = file.storyboard; name = Base; path = Base.lproj/Main.storyboard; sourceTree = "<group>"; };
		AB1CAC52240BCDDE000FE83C /* Assets.xcassets */ = {isa = PBXFileReference; lastKnownFileType = folder.assetcatalog; path = Assets.xcassets; sourceTree = "<group>"; };
		AB1CAC55240BCDDE000FE83C /* Base */ = {isa = PBXFileReference; lastKnownFileType = file.storyboard; name = Base; path = Base.lproj/LaunchScreen.storyboard; sourceTree = "<group>"; };
		AB1CAC57240BCDDE000FE83C /* Info.plist */ = {isa = PBXFileReference; lastKnownFileType = text.plist.xml; path = Info.plist; sourceTree = "<group>"; };
		AB1CAC5C240BCDDE000FE83C /* AlertsTests.xctest */ = {isa = PBXFileReference; explicitFileType = wrapper.cfbundle; includeInIndex = 0; path = AlertsTests.xctest; sourceTree = BUILT_PRODUCTS_DIR; };
		AB1CAC60240BCDDE000FE83C /* AlertsTests.swift */ = {isa = PBXFileReference; lastKnownFileType = sourcecode.swift; path = AlertsTests.swift; sourceTree = "<group>"; };
		AB1CAC62240BCDDE000FE83C /* Info.plist */ = {isa = PBXFileReference; lastKnownFileType = text.plist.xml; path = Info.plist; sourceTree = "<group>"; };
		AB1CAC67240BCDDE000FE83C /* AlertsUITests.xctest */ = {isa = PBXFileReference; explicitFileType = wrapper.cfbundle; includeInIndex = 0; path = AlertsUITests.xctest; sourceTree = BUILT_PRODUCTS_DIR; };
		AB1CAC6B240BCDDE000FE83C /* AlertsUITests.swift */ = {isa = PBXFileReference; lastKnownFileType = sourcecode.swift; path = AlertsUITests.swift; sourceTree = "<group>"; };
		AB1CAC6D240BCDDE000FE83C /* Info.plist */ = {isa = PBXFileReference; lastKnownFileType = text.plist.xml; path = Info.plist; sourceTree = "<group>"; };
/* End PBXFileReference section */

/* Begin PBXFrameworksBuildPhase section */
		AB1CAC45240BCDDC000FE83C /* Frameworks */ = {
			isa = PBXFrameworksBuildPhase;
			buildActionMask = 2147483647;
			files = (
			);
			runOnlyForDeploymentPostprocessing = 0;
		};
		AB1CAC59240BCDDE000FE83C /* Frameworks */ = {
			isa = PBXFrameworksBuildPhase;
			buildActionMask = 2147483647;
			files = (
			);
			runOnlyForDeploymentPostprocessing = 0;
		};
		AB1CAC64240BCDDE000FE83C /* Frameworks */ = {
			isa = PBXFrameworksBuildPhase;
			buildActionMask = 2147483647;
			files = (
			);
			runOnlyForDeploymentPostprocessing = 0;
		};
/* End PBXFrameworksBuildPhase section */

/* Begin PBXGroup section */
		AB1CAC3F240BCDDC000FE83C = {
			isa = PBXGroup;
			children = (
				AB1CAC4A240BCDDC000FE83C /* Alerts */,
				AB1CAC5F240BCDDE000FE83C /* AlertsTests */,
				AB1CAC6A240BCDDE000FE83C /* AlertsUITests */,
				AB1CAC49240BCDDC000FE83C /* Products */,
			);
			sourceTree = "<group>";
		};
		AB1CAC49240BCDDC000FE83C /* Products */ = {
			isa = PBXGroup;
			children = (
				AB1CAC48240BCDDC000FE83C /* Alerts.app */,
				AB1CAC5C240BCDDE000FE83C /* AlertsTests.xctest */,
				AB1CAC67240BCDDE000FE83C /* AlertsUITests.xctest */,
			);
			name = Products;
			sourceTree = "<group>";
		};
		AB1CAC4A240BCDDC000FE83C /* Alerts */ = {
			isa = PBXGroup;
			children = (
				AB1CAC4B240BCDDC000FE83C /* AppDelegate.swift */,
				AB1CAC4D240BCDDC000FE83C /* ViewController.swift */,
				AB1CAC4F240BCDDC000FE83C /* Main.storyboard */,
				AB1CAC52240BCDDE000FE83C /* Assets.xcassets */,
				AB1CAC54240BCDDE000FE83C /* LaunchScreen.storyboard */,
				AB1CAC57240BCDDE000FE83C /* Info.plist */,
			);
			path = Alerts;
			sourceTree = "<group>";
		};
		AB1CAC5F240BCDDE000FE83C /* AlertsTests */ = {
			isa = PBXGroup;
			children = (
				AB1CAC60240BCDDE000FE83C /* AlertsTests.swift */,
				AB1CAC62240BCDDE000FE83C /* Info.plist */,
			);
			path = AlertsTests;
			sourceTree = "<group>";
		};
		AB1CAC6A240BCDDE000FE83C /* AlertsUITests */ = {
			isa = PBXGroup;
			children = (
				AB1CAC6B240BCDDE000FE83C /* AlertsUITests.swift */,
				AB1CAC6D240BCDDE000FE83C /* Info.plist */,
			);
			path = AlertsUITests;
			sourceTree = "<group>";
		};
/* End PBXGroup section */

/* Begin PBXNativeTarget section */
		AB1CAC47240BCDDC000FE83C /* Alerts */ = {
			isa = PBXNativeTarget;
			buildConfigurationList = AB1CAC70240BCDDE000FE83C /* Build configuration list for PBXNativeTarget "Alerts" */;
			buildPhases = (
				AB1CAC44240BCDDC000FE83C /* Sources */,
				AB1CAC45240BCDDC000FE83C /* Frameworks */,
				AB1CAC46240BCDDC000FE83C /* Resources */,
			);
			buildRules = (
			);
			dependencies = (
			);
			name = Alerts;
			productName = Alerts;
			productReference = AB1CAC48240BCDDC000FE83C /* Alerts.app */;
			productType = "com.apple.product-type.application";
		};
		AB1CAC5B240BCDDE000FE83C /* AlertsTests */ = {
			isa = PBXNativeTarget;
			buildConfigurationList = AB1CAC73240BCDDE000FE83C /* Build configuration list for PBXNativeTarget "AlertsTests" */;
			buildPhases = (
				AB1CAC58240BCDDE000FE83C /* Sources */,
				AB1CAC59240BCDDE000FE83C /* Frameworks */,
				AB1CAC5A240BCDDE000FE83C /* Resources */,
			);
			buildRules = (
			);
			dependencies = (
				AB1CAC5E240BCDDE000FE83C /* PBXTargetDependency */,
			);
			name = AlertsTests;
			productName = AlertsTests;
			productReference = AB1CAC5C240BCDDE000FE83C /* AlertsTests.xctest */;
			productType = "com.apple.product-type.bundle.unit-test";
		};
		AB1CAC66240BCDDE000FE83C /* AlertsUITests */ = {
			isa = PBXNativeTarget;
			buildConfigurationList = AB1CAC76240BCDDE000FE83C /* Build configuration list for PBXNativeTarget "AlertsUITests" */;
			buildPhases = (
				AB1CAC63240BCDDE000FE83C /* Sources */,
				AB1CAC64240BCDDE000FE83C /* Frameworks */,
				AB1CAC65240BCDDE000FE83C /* Resources */,
			);
			buildRules = (
			);
			dependencies = (
				AB1CAC69240BCDDE000FE83C /* PBXTargetDependency */,
			);
			name = AlertsUITests;
			productName = AlertsUITests;
			productReference = AB1CAC67240BCDDE000FE83C /* AlertsUITests.xctest */;
			productType = "com.apple.product-type.bundle.ui-testing";
		};
/* End PBXNativeTarget section */

/* Begin PBXProject section */
		AB1CAC40240BCDDC000FE83C /* Project object */ = {
			isa = PBXProject;
			attributes = {
				LastSwiftUpdateCheck = 1130;
				LastUpgradeCheck = 1130;
				ORGANIZATIONNAME = "Jonathan Ramirez";
				TargetAttributes = {
					AB1CAC47240BCDDC000FE83C = {
						CreatedOnToolsVersion = 11.3.1;
					};
					AB1CAC5B240BCDDE000FE83C = {
						CreatedOnToolsVersion = 11.3.1;
						TestTargetID = AB1CAC47240BCDDC000FE83C;
					};
					AB1CAC66240BCDDE000FE83C = {
						CreatedOnToolsVersion = 11.3.1;
						TestTargetID = AB1CAC47240BCDDC000FE83C;
					};
				};
			};
			buildConfigurationList = AB1CAC43240BCDDC000FE83C /* Build configuration list for PBXProject "Alerts" */;
			compatibilityVersion = "Xcode 9.3";
			developmentRegion = en;
			hasScannedForEncodings = 0;
			knownRegions = (
				en,
				Base,
			);
			mainGroup = AB1CAC3F240BCDDC000FE83C;
			productRefGroup = AB1CAC49240BCDDC000FE83C /* Products */;
			projectDirPath = "";
			projectRoot = "";
			targets = (
				AB1CAC47240BCDDC000FE83C /* Alerts */,
				AB1CAC5B240BCDDE000FE83C /* AlertsTests */,
				AB1CAC66240BCDDE000FE83C /* AlertsUITests */,
			);
		};
/* End PBXProject section */

/* Begin PBXResourcesBuildPhase section */
		AB1CAC46240BCDDC000FE83C /* Resources */ = {
			isa = PBXResourcesBuildPhase;
			buildActionMask = 2147483647;
			files = (
				AB1CAC56240BCDDE000FE83C /* LaunchScreen.storyboard in Resources */,
				AB1CAC53240BCDDE000FE83C /* Assets.xcassets in Resources */,
				AB1CAC51240BCDDC000FE83C /* Main.storyboard in Resources */,
			);
			runOnlyForDeploymentPostprocessing = 0;
		};
		AB1CAC5A240BCDDE000FE83C /* Resources */ = {
			isa = PBXResourcesBuildPhase;
			buildActionMask = 2147483647;
			files = (
			);
			runOnlyForDeploymentPostprocessing = 0;
		};
		AB1CAC65240BCDDE000FE83C /* Resources */ = {
			isa = PBXResourcesBuildPhase;
			buildActionMask = 2147483647;
			files = (
			);
			runOnlyForDeploymentPostprocessing = 0;
		};
/* End PBXResourcesBuildPhase section */

/* Begin PBXSourcesBuildPhase section */
		AB1CAC44240BCDDC000FE83C /* Sources */ = {
			isa = PBXSourcesBuildPhase;
			buildActionMask = 2147483647;
			files = (
				AB1CAC4E240BCDDC000FE83C /* ViewController.swift in Sources */,
				AB1CAC4C240BCDDC000FE83C /* AppDelegate.swift in Sources */,
			);
			runOnlyForDeploymentPostprocessing = 0;
		};
		AB1CAC58240BCDDE000FE83C /* Sources */ = {
			isa = PBXSourcesBuildPhase;
			buildActionMask = 2147483647;
			files = (
				AB1CAC61240BCDDE000FE83C /* AlertsTests.swift in Sources */,
			);
			runOnlyForDeploymentPostprocessing = 0;
		};
		AB1CAC63240BCDDE000FE83C /* Sources */ = {
			isa = PBXSourcesBuildPhase;
			buildActionMask = 2147483647;
			files = (
				AB1CAC6C240BCDDE000FE83C /* AlertsUITests.swift in Sources */,
			);
			runOnlyForDeploymentPostprocessing = 0;
		};
/* End PBXSourcesBuildPhase section */

/* Begin PBXTargetDependency section */
		AB1CAC5E240BCDDE000FE83C /* PBXTargetDependency */ = {
			isa = PBXTargetDependency;
			target = AB1CAC47240BCDDC000FE83C /* Alerts */;
			targetProxy = AB1CAC5D240BCDDE000FE83C /* PBXContainerItemProxy */;
		};
		AB1CAC69240BCDDE000FE83C /* PBXTargetDependency */ = {
			isa = PBXTargetDependency;
			target = AB1CAC47240BCDDC000FE83C /* Alerts */;
			targetProxy = AB1CAC68240BCDDE000FE83C /* PBXContainerItemProxy */;
		};
/* End PBXTargetDependency section */

/* Begin PBXVariantGroup section */
		AB1CAC4F240BCDDC000FE83C /* Main.storyboard */ = {
			isa = PBXVariantGroup;
			children = (
				AB1CAC50240BCDDC000FE83C /* Base */,
			);
			name = Main.storyboard;
			sourceTree = "<group>";
		};
		AB1CAC54240BCDDE000FE83C /* LaunchScreen.storyboard */ = {
			isa = PBXVariantGroup;
			children = (
				AB1CAC55240BCDDE000FE83C /* Base */,
			);
			name = LaunchScreen.storyboard;
			sourceTree = "<group>";
		};
/* End PBXVariantGroup section */

/* Begin XCBuildConfiguration section */
		AB1CAC6E240BCDDE000FE83C /* Debug */ = {
			isa = XCBuildConfiguration;
			buildSettings = {
				ALWAYS_SEARCH_USER_PATHS = NO;
				CLANG_ANALYZER_NONNULL = YES;
				CLANG_ANALYZER_NUMBER_OBJECT_CONVERSION = YES_AGGRESSIVE;
				CLANG_CXX_LANGUAGE_STANDARD = "gnu++14";
				CLANG_CXX_LIBRARY = "libc++";
				CLANG_ENABLE_MODULES = YES;
				CLANG_ENABLE_OBJC_ARC = YES;
				CLANG_ENABLE_OBJC_WEAK = YES;
				CLANG_WARN_BLOCK_CAPTURE_AUTORELEASING = YES;
				CLANG_WARN_BOOL_CONVERSION = YES;
				CLANG_WARN_COMMA = YES;
				CLANG_WARN_CONSTANT_CONVERSION = YES;
				CLANG_WARN_DEPRECATED_OBJC_IMPLEMENTATIONS = YES;
				CLANG_WARN_DIRECT_OBJC_ISA_USAGE = YES_ERROR;
				CLANG_WARN_DOCUMENTATION_COMMENTS = YES;
				CLANG_WARN_EMPTY_BODY = YES;
				CLANG_WARN_ENUM_CONVERSION = YES;
				CLANG_WARN_INFINITE_RECURSION = YES;
				CLANG_WARN_INT_CONVERSION = YES;
				CLANG_WARN_NON_LITERAL_NULL_CONVERSION = YES;
				CLANG_WARN_OBJC_IMPLICIT_RETAIN_SELF = YES;
				CLANG_WARN_OBJC_LITERAL_CONVERSION = YES;
				CLANG_WARN_OBJC_ROOT_CLASS = YES_ERROR;
				CLANG_WARN_RANGE_LOOP_ANALYSIS = YES;
				CLANG_WARN_STRICT_PROTOTYPES = YES;
				CLANG_WARN_SUSPICIOUS_MOVE = YES;
				CLANG_WARN_UNGUARDED_AVAILABILITY = YES_AGGRESSIVE;
				CLANG_WARN_UNREACHABLE_CODE = YES;
				CLANG_WARN__DUPLICATE_METHOD_MATCH = YES;
				COPY_PHASE_STRIP = NO;
				DEBUG_INFORMATION_FORMAT = dwarf;
				ENABLE_STRICT_OBJC_MSGSEND = YES;
				ENABLE_TESTABILITY = YES;
				GCC_C_LANGUAGE_STANDARD = gnu11;
				GCC_DYNAMIC_NO_PIC = NO;
				GCC_NO_COMMON_BLOCKS = YES;
				GCC_OPTIMIZATION_LEVEL = 0;
				GCC_PREPROCESSOR_DEFINITIONS = (
					"DEBUG=1",
					"$(inherited)",
				);
				GCC_WARN_64_TO_32_BIT_CONVERSION = YES;
				GCC_WARN_ABOUT_RETURN_TYPE = YES_ERROR;
				GCC_WARN_UNDECLARED_SELECTOR = YES;
				GCC_WARN_UNINITIALIZED_AUTOS = YES_AGGRESSIVE;
				GCC_WARN_UNUSED_FUNCTION = YES;
				GCC_WARN_UNUSED_VARIABLE = YES;
				MTL_ENABLE_DEBUG_INFO = INCLUDE_SOURCE;
				MTL_FAST_MATH = YES;
				ONLY_ACTIVE_ARCH = YES;
				SDKROOT = appletvos;
				SWIFT_ACTIVE_COMPILATION_CONDITIONS = DEBUG;
				SWIFT_OPTIMIZATION_LEVEL = "-Onone";
				TVOS_DEPLOYMENT_TARGET = 13.2;
			};
			name = Debug;
		};
		AB1CAC6F240BCDDE000FE83C /* Release */ = {
			isa = XCBuildConfiguration;
			buildSettings = {
				ALWAYS_SEARCH_USER_PATHS = NO;
				CLANG_ANALYZER_NONNULL = YES;
				CLANG_ANALYZER_NUMBER_OBJECT_CONVERSION = YES_AGGRESSIVE;
				CLANG_CXX_LANGUAGE_STANDARD = "gnu++14";
				CLANG_CXX_LIBRARY = "libc++";
				CLANG_ENABLE_MODULES = YES;
				CLANG_ENABLE_OBJC_ARC = YES;
				CLANG_ENABLE_OBJC_WEAK = YES;
				CLANG_WARN_BLOCK_CAPTURE_AUTORELEASING = YES;
				CLANG_WARN_BOOL_CONVERSION = YES;
				CLANG_WARN_COMMA = YES;
				CLANG_WARN_CONSTANT_CONVERSION = YES;
				CLANG_WARN_DEPRECATED_OBJC_IMPLEMENTATIONS = YES;
				CLANG_WARN_DIRECT_OBJC_ISA_USAGE = YES_ERROR;
				CLANG_WARN_DOCUMENTATION_COMMENTS = YES;
				CLANG_WARN_EMPTY_BODY = YES;
				CLANG_WARN_ENUM_CONVERSION = YES;
				CLANG_WARN_INFINITE_RECURSION = YES;
				CLANG_WARN_INT_CONVERSION = YES;
				CLANG_WARN_NON_LITERAL_NULL_CONVERSION = YES;
				CLANG_WARN_OBJC_IMPLICIT_RETAIN_SELF = YES;
				CLANG_WARN_OBJC_LITERAL_CONVERSION = YES;
				CLANG_WARN_OBJC_ROOT_CLASS = YES_ERROR;
				CLANG_WARN_RANGE_LOOP_ANALYSIS = YES;
				CLANG_WARN_STRICT_PROTOTYPES = YES;
				CLANG_WARN_SUSPICIOUS_MOVE = YES;
				CLANG_WARN_UNGUARDED_AVAILABILITY = YES_AGGRESSIVE;
				CLANG_WARN_UNREACHABLE_CODE = YES;
				CLANG_WARN__DUPLICATE_METHOD_MATCH = YES;
				COPY_PHASE_STRIP = NO;
				DEBUG_INFORMATION_FORMAT = "dwarf-with-dsym";
				ENABLE_NS_ASSERTIONS = NO;
				ENABLE_STRICT_OBJC_MSGSEND = YES;
				GCC_C_LANGUAGE_STANDARD = gnu11;
				GCC_NO_COMMON_BLOCKS = YES;
				GCC_WARN_64_TO_32_BIT_CONVERSION = YES;
				GCC_WARN_ABOUT_RETURN_TYPE = YES_ERROR;
				GCC_WARN_UNDECLARED_SELECTOR = YES;
				GCC_WARN_UNINITIALIZED_AUTOS = YES_AGGRESSIVE;
				GCC_WARN_UNUSED_FUNCTION = YES;
				GCC_WARN_UNUSED_VARIABLE = YES;
				MTL_ENABLE_DEBUG_INFO = NO;
				MTL_FAST_MATH = YES;
				SDKROOT = appletvos;
				SWIFT_COMPILATION_MODE = wholemodule;
				SWIFT_OPTIMIZATION_LEVEL = "-O";
				TVOS_DEPLOYMENT_TARGET = 13.2;
				VALIDATE_PRODUCT = YES;
			};
			name = Release;
		};
		AB1CAC71240BCDDE000FE83C /* Debug */ = {
			isa = XCBuildConfiguration;
			buildSettings = {
				ASSETCATALOG_COMPILER_APPICON_NAME = "App Icon & Top Shelf Image";
				CODE_SIGN_STYLE = Automatic;
				DEVELOPMENT_TEAM = JK56H472A8;
				INFOPLIST_FILE = Alerts/Info.plist;
				LD_RUNPATH_SEARCH_PATHS = (
					"$(inherited)",
					"@executable_path/Frameworks",
				);
				PRODUCT_BUNDLE_IDENTIFIER = com.headworkgames.Alerts;
				PRODUCT_NAME = "$(TARGET_NAME)";
				SWIFT_VERSION = 5.0;
				TARGETED_DEVICE_FAMILY = 3;
			};
			name = Debug;
		};
		AB1CAC72240BCDDE000FE83C /* Release */ = {
			isa = XCBuildConfiguration;
			buildSettings = {
				ASSETCATALOG_COMPILER_APPICON_NAME = "App Icon & Top Shelf Image";
				CODE_SIGN_STYLE = Automatic;
				DEVELOPMENT_TEAM = JK56H472A8;
				INFOPLIST_FILE = Alerts/Info.plist;
				LD_RUNPATH_SEARCH_PATHS = (
					"$(inherited)",
					"@executable_path/Frameworks",
				);
				PRODUCT_BUNDLE_IDENTIFIER = com.headworkgames.Alerts;
				PRODUCT_NAME = "$(TARGET_NAME)";
				SWIFT_VERSION = 5.0;
				TARGETED_DEVICE_FAMILY = 3;
			};
			name = Release;
		};
		AB1CAC74240BCDDE000FE83C /* Debug */ = {
			isa = XCBuildConfiguration;
			buildSettings = {
				ALWAYS_EMBED_SWIFT_STANDARD_LIBRARIES = YES;
				BUNDLE_LOADER = "$(TEST_HOST)";
				CODE_SIGN_STYLE = Automatic;
				DEVELOPMENT_TEAM = JK56H472A8;
				INFOPLIST_FILE = AlertsTests/Info.plist;
				LD_RUNPATH_SEARCH_PATHS = (
					"$(inherited)",
					"@executable_path/Frameworks",
					"@loader_path/Frameworks",
				);
				PRODUCT_BUNDLE_IDENTIFIER = com.headworkgames.AlertsTests;
				PRODUCT_NAME = "$(TARGET_NAME)";
				SWIFT_VERSION = 5.0;
				TARGETED_DEVICE_FAMILY = 3;
				TEST_HOST = "$(BUILT_PRODUCTS_DIR)/Alerts.app/Alerts";
				TVOS_DEPLOYMENT_TARGET = 13.2;
			};
			name = Debug;
		};
		AB1CAC75240BCDDE000FE83C /* Release */ = {
			isa = XCBuildConfiguration;
			buildSettings = {
				ALWAYS_EMBED_SWIFT_STANDARD_LIBRARIES = YES;
				BUNDLE_LOADER = "$(TEST_HOST)";
				CODE_SIGN_STYLE = Automatic;
				DEVELOPMENT_TEAM = JK56H472A8;
				INFOPLIST_FILE = AlertsTests/Info.plist;
				LD_RUNPATH_SEARCH_PATHS = (
					"$(inherited)",
					"@executable_path/Frameworks",
					"@loader_path/Frameworks",
				);
				PRODUCT_BUNDLE_IDENTIFIER = com.headworkgames.AlertsTests;
				PRODUCT_NAME = "$(TARGET_NAME)";
				SWIFT_VERSION = 5.0;
				TARGETED_DEVICE_FAMILY = 3;
				TEST_HOST = "$(BUILT_PRODUCTS_DIR)/Alerts.app/Alerts";
				TVOS_DEPLOYMENT_TARGET = 13.2;
			};
			name = Release;
		};
		AB1CAC77240BCDDE000FE83C /* Debug */ = {
			isa = XCBuildConfiguration;
			buildSettings = {
				ALWAYS_EMBED_SWIFT_STANDARD_LIBRARIES = YES;
				CODE_SIGN_STYLE = Automatic;
				DEVELOPMENT_TEAM = JK56H472A8;
				INFOPLIST_FILE = AlertsUITests/Info.plist;
				LD_RUNPATH_SEARCH_PATHS = (
					"$(inherited)",
					"@executable_path/Frameworks",
					"@loader_path/Frameworks",
				);
				PRODUCT_BUNDLE_IDENTIFIER = com.headworkgames.AlertsUITests;
				PRODUCT_NAME = "$(TARGET_NAME)";
				SWIFT_VERSION = 5.0;
				TARGETED_DEVICE_FAMILY = 3;
				TEST_TARGET_NAME = Alerts;
			};
			name = Debug;
		};
		AB1CAC78240BCDDE000FE83C /* Release */ = {
			isa = XCBuildConfiguration;
			buildSettings = {
				ALWAYS_EMBED_SWIFT_STANDARD_LIBRARIES = YES;
				CODE_SIGN_STYLE = Automatic;
				DEVELOPMENT_TEAM = JK56H472A8;
				INFOPLIST_FILE = AlertsUITests/Info.plist;
				LD_RUNPATH_SEARCH_PATHS = (
					"$(inherited)",
					"@executable_path/Frameworks",
					"@loader_path/Frameworks",
				);
				PRODUCT_BUNDLE_IDENTIFIER = com.headworkgames.AlertsUITests;
				PRODUCT_NAME = "$(TARGET_NAME)";
				SWIFT_VERSION = 5.0;
				TARGETED_DEVICE_FAMILY = 3;
				TEST_TARGET_NAME = Alerts;
			};
			name = Release;
		};
/* End XCBuildConfiguration section */

/* Begin XCConfigurationList section */
		AB1CAC43240BCDDC000FE83C /* Build configuration list for PBXProject "Alerts" */ = {
			isa = XCConfigurationList;
			buildConfigurations = (
				AB1CAC6E240BCDDE000FE83C /* Debug */,
				AB1CAC6F240BCDDE000FE83C /* Release */,
			);
			defaultConfigurationIsVisible = 0;
			defaultConfigurationName = Release;
		};
		AB1CAC70240BCDDE000FE83C /* Build configuration list for PBXNativeTarget "Alerts" */ = {
			isa = XCConfigurationList;
			buildConfigurations = (
				AB1CAC71240BCDDE000FE83C /* Debug */,
				AB1CAC72240BCDDE000FE83C /* Release */,
			);
			defaultConfigurationIsVisible = 0;
			defaultConfigurationName = Release;
		};
		AB1CAC73240BCDDE000FE83C /* Build configuration list for PBXNativeTarget "AlertsTests" */ = {
			isa = XCConfigurationList;
			buildConfigurations = (
				AB1CAC74240BCDDE000FE83C /* Debug */,
				AB1CAC75240BCDDE000FE83C /* Release */,
			);
			defaultConfigurationIsVisible = 0;
			defaultConfigurationName = Release;
		};
		AB1CAC76240BCDDE000FE83C /* Build configuration list for PBXNativeTarget "AlertsUITests" */ = {
			isa = XCConfigurationList;
			buildConfigurations = (
				AB1CAC77240BCDDE000FE83C /* Debug */,
				AB1CAC78240BCDDE000FE83C /* Release */,
			);
			defaultConfigurationIsVisible = 0;
			defaultConfigurationName = Release;
		};
/* End XCConfigurationList section */
	};
	rootObject = AB1CAC40240BCDDC000FE83C /* Project object */;
}
